// !$*UTF8*$!
{
	archiveVersion = 1;
	classes = {
	};
	objectVersion = 46;
	objects = {

/* Begin PBXBuildFile section */
		A403F3AD19393DE60039750B /* CEIBaseViewController.m in Sources */ = {isa = PBXBuildFile; fileRef = A403F3AC19393DE60039750B /* CEIBaseViewController.m */; };
		A403F3B019393DFA0039750B /* CEINavigationController.m in Sources */ = {isa = PBXBuildFile; fileRef = A403F3AF19393DFA0039750B /* CEINavigationController.m */; };
		A403F3B319393E3A0039750B /* CEIRoleSelectViewController.m in Sources */ = {isa = PBXBuildFile; fileRef = A403F3B219393E3A0039750B /* CEIRoleSelectViewController.m */; };
		A403F3BA19393EAB0039750B /* CEIFindMentorViewController.m in Sources */ = {isa = PBXBuildFile; fileRef = A403F3B919393EAB0039750B /* CEIFindMentorViewController.m */; };
		A403F3BD19393EC70039750B /* CEIMentorFoundViewController.m in Sources */ = {isa = PBXBuildFile; fileRef = A403F3BC19393EC70039750B /* CEIMentorFoundViewController.m */; };
		A403F3C4193947E00039750B /* CEISignupViewController.m in Sources */ = {isa = PBXBuildFile; fileRef = A403F3C3193947E00039750B /* CEISignupViewController.m */; };
		A403F3CC193948F90039750B /* CEIRootViewController.m in Sources */ = {isa = PBXBuildFile; fileRef = A403F3CB193948F90039750B /* CEIRootViewController.m */; };
		A440A18B1937F33900D7CC0D /* Foundation.framework in Frameworks */ = {isa = PBXBuildFile; fileRef = A440A18A1937F33900D7CC0D /* Foundation.framework */; };
		A440A18D1937F33900D7CC0D /* CoreGraphics.framework in Frameworks */ = {isa = PBXBuildFile; fileRef = A440A18C1937F33900D7CC0D /* CoreGraphics.framework */; };
		A440A18F1937F33900D7CC0D /* UIKit.framework in Frameworks */ = {isa = PBXBuildFile; fileRef = A440A18E1937F33900D7CC0D /* UIKit.framework */; };
		A440A1951937F33900D7CC0D /* InfoPlist.strings in Resources */ = {isa = PBXBuildFile; fileRef = A440A1931937F33900D7CC0D /* InfoPlist.strings */; };
		A440A1971937F33900D7CC0D /* main.m in Sources */ = {isa = PBXBuildFile; fileRef = A440A1961937F33900D7CC0D /* main.m */; };
		A440A19B1937F33900D7CC0D /* CEIAppDelegate.m in Sources */ = {isa = PBXBuildFile; fileRef = A440A19A1937F33900D7CC0D /* CEIAppDelegate.m */; };
		A440A19D1937F33900D7CC0D /* Images.xcassets in Resources */ = {isa = PBXBuildFile; fileRef = A440A19C1937F33900D7CC0D /* Images.xcassets */; };
		A440A1A41937F33900D7CC0D /* XCTest.framework in Frameworks */ = {isa = PBXBuildFile; fileRef = A440A1A31937F33900D7CC0D /* XCTest.framework */; };
		A440A1A51937F33900D7CC0D /* Foundation.framework in Frameworks */ = {isa = PBXBuildFile; fileRef = A440A18A1937F33900D7CC0D /* Foundation.framework */; };
		A440A1A61937F33900D7CC0D /* UIKit.framework in Frameworks */ = {isa = PBXBuildFile; fileRef = A440A18E1937F33900D7CC0D /* UIKit.framework */; };
		A440A1AE1937F33900D7CC0D /* InfoPlist.strings in Resources */ = {isa = PBXBuildFile; fileRef = A440A1AC1937F33900D7CC0D /* InfoPlist.strings */; };
		A440A1B01937F33900D7CC0D /* ReachOutTests.m in Sources */ = {isa = PBXBuildFile; fileRef = A440A1AF1937F33900D7CC0D /* ReachOutTests.m */; };
		A45E4B88193800A6008D7EA6 /* MainStoryboard_iPhone.storyboard in Resources */ = {isa = PBXBuildFile; fileRef = A45E4B87193800A6008D7EA6 /* MainStoryboard_iPhone.storyboard */; };
		A45E4B8C193800CC008D7EA6 /* CEIHandies.m in Sources */ = {isa = PBXBuildFile; fileRef = A45E4B8B193800CC008D7EA6 /* CEIHandies.m */; };
		A4CAB08A193A2BAD00CC7B12 /* UIView+NibLoading.m in Sources */ = {isa = PBXBuildFile; fileRef = A4CAB089193A2BAD00CC7B12 /* UIView+NibLoading.m */; };
		A4CAB08F193B4C3D00CC7B12 /* UIView+FirstResponder.m in Sources */ = {isa = PBXBuildFile; fileRef = A4CAB08E193B4C3D00CC7B12 /* UIView+FirstResponder.m */; };
		E66A90BE8A0D47ACB6621D37 /* libPods.a in Frameworks */ = {isa = PBXBuildFile; fileRef = 224F1343C32B4C2496EC140A /* libPods.a */; };
		FD0C850C193E46CB004C006B /* AudioToolbox.framework in Frameworks */ = {isa = PBXBuildFile; fileRef = FD0C850B193E46CB004C006B /* AudioToolbox.framework */; };
		FD0C850E193E46D1004C006B /* CFNetwork.framework in Frameworks */ = {isa = PBXBuildFile; fileRef = FD0C850D193E46D1004C006B /* CFNetwork.framework */; };
		FD0C8510193E46E1004C006B /* CoreLocation.framework in Frameworks */ = {isa = PBXBuildFile; fileRef = FD0C850F193E46E1004C006B /* CoreLocation.framework */; };
		FD0C8512193E46EA004C006B /* libz.dylib in Frameworks */ = {isa = PBXBuildFile; fileRef = FD0C8511193E46EA004C006B /* libz.dylib */; };
		FD0C8514193E46F5004C006B /* MobileCoreServices.framework in Frameworks */ = {isa = PBXBuildFile; fileRef = FD0C8513193E46F5004C006B /* MobileCoreServices.framework */; };
		FD0C8516193E46FD004C006B /* QuartzCore.framework in Frameworks */ = {isa = PBXBuildFile; fileRef = FD0C8515193E46FD004C006B /* QuartzCore.framework */; };
		FD0C8518193E4705004C006B /* Security.framework in Frameworks */ = {isa = PBXBuildFile; fileRef = FD0C8517193E4705004C006B /* Security.framework */; };
		FD0C851A193E470D004C006B /* StoreKit.framework in Frameworks */ = {isa = PBXBuildFile; fileRef = FD0C8519193E470D004C006B /* StoreKit.framework */; };
		FD0C851C193E4714004C006B /* SystemConfiguration.framework in Frameworks */ = {isa = PBXBuildFile; fileRef = FD0C851B193E4714004C006B /* SystemConfiguration.framework */; };
		FD0C851E193E4787004C006B /* Parse.framework in Frameworks */ = {isa = PBXBuildFile; fileRef = FD0C851D193E4787004C006B /* Parse.framework */; };
		FD0C8520193E4BB4004C006B /* Accelerate.framework in Frameworks */ = {isa = PBXBuildFile; fileRef = FD0C851F193E4BB4004C006B /* Accelerate.framework */; };
		FD0C8523193E4F66004C006B /* CEICodeVerificationView.m in Sources */ = {isa = PBXBuildFile; fileRef = FD0C8522193E4F66004C006B /* CEICodeVerificationView.m */; };
		FD0C8525193E5207004C006B /* CEICodeVerificationView.xib in Resources */ = {isa = PBXBuildFile; fileRef = FD0C8524193E5207004C006B /* CEICodeVerificationView.xib */; };
		FD0C8529193E5B9F004C006B /* FacebookSDK.framework in Frameworks */ = {isa = PBXBuildFile; fileRef = FD0C8528193E5B9F004C006B /* FacebookSDK.framework */; };
		FD0C852B193E5C6E004C006B /* Twitter.framework in Frameworks */ = {isa = PBXBuildFile; fileRef = FD0C852A193E5C6E004C006B /* Twitter.framework */; };
		FD0C852D193E5C7B004C006B /* Social.framework in Frameworks */ = {isa = PBXBuildFile; fileRef = FD0C852C193E5C7B004C006B /* Social.framework */; };
		FD0C852F193E5C84004C006B /* Accounts.framework in Frameworks */ = {isa = PBXBuildFile; fileRef = FD0C852E193E5C84004C006B /* Accounts.framework */; };
		FD0C8534193F5A7B004C006B /* CEIMentorSignupViewController.m in Sources */ = {isa = PBXBuildFile; fileRef = FD0C8533193F5A7B004C006B /* CEIMentorSignupViewController.m */; };
		FD119063194202F1005A1AE1 /* CEISession.m in Sources */ = {isa = PBXBuildFile; fileRef = FD119062194202F1005A1AE1 /* CEISession.m */; };
		FD11906819420D80005A1AE1 /* CEIAlertView.m in Sources */ = {isa = PBXBuildFile; fileRef = FD11906719420D80005A1AE1 /* CEIAlertView.m */; };
		FD11906E19465578005A1AE1 /* CEIFlockViewController.m in Sources */ = {isa = PBXBuildFile; fileRef = FD11906D19465578005A1AE1 /* CEIFlockViewController.m */; };
		FD1190721946559F005A1AE1 /* CEIMentorsViewController.m in Sources */ = {isa = PBXBuildFile; fileRef = FD1190711946559F005A1AE1 /* CEIMentorsViewController.m */; };
		FD1190A519487BD4005A1AE1 /* CEIMoreViewController.m in Sources */ = {isa = PBXBuildFile; fileRef = FD1190A419487BD4005A1AE1 /* CEIMoreViewController.m */; };
		FD1190A819487C03005A1AE1 /* CEIEncouragementViewController.m in Sources */ = {isa = PBXBuildFile; fileRef = FD1190A719487C03005A1AE1 /* CEIEncouragementViewController.m */; };
		FD1190AB19488FBE005A1AE1 /* podfile in Resources */ = {isa = PBXBuildFile; fileRef = FD1190AA19488FBD005A1AE1 /* podfile */; };
		FD1190AE194896C5005A1AE1 /* CEIMentorCell.m in Sources */ = {isa = PBXBuildFile; fileRef = FD1190AD194896C5005A1AE1 /* CEIMentorCell.m */; };
		FD1190B4194899C2005A1AE1 /* CEIMissionsViewController.m in Sources */ = {isa = PBXBuildFile; fileRef = FD1190B3194899C2005A1AE1 /* CEIMissionsViewController.m */; };
		FD1190B7194899D8005A1AE1 /* CEIMissionViewController.m in Sources */ = {isa = PBXBuildFile; fileRef = FD1190B6194899D8005A1AE1 /* CEIMissionViewController.m */; };
		FD1190BD19489A99005A1AE1 /* CEIUserPortraitView.m in Sources */ = {isa = PBXBuildFile; fileRef = FD1190BC19489A99005A1AE1 /* CEIUserPortraitView.m */; };
		FD1190C01948F4E8005A1AE1 /* CEIDoubleDisclosureCell.m in Sources */ = {isa = PBXBuildFile; fileRef = FD1190BF1948F4E8005A1AE1 /* CEIDoubleDisclosureCell.m */; };
		FD1190C31949EDEF005A1AE1 /* NSDate+Difference.m in Sources */ = {isa = PBXBuildFile; fileRef = FD1190C21949EDEF005A1AE1 /* NSDate+Difference.m */; };
		FD2E9AD9195731F7005B074A /* run@2x.gif in Resources */ = {isa = PBXBuildFile; fileRef = FD2E9AD7195731F7005B074A /* run@2x.gif */; };
		FD2E9ADD1957371C005B074A /* sheepPhoto.png in Resources */ = {isa = PBXBuildFile; fileRef = FD2E9ADC1957371C005B074A /* sheepPhoto.png */; };
		FD2E9AE019573BCC005B074A /* CEIWebViewViewController.m in Sources */ = {isa = PBXBuildFile; fileRef = FD2E9ADF19573BCC005B074A /* CEIWebViewViewController.m */; };
		FD2E9AE319575E49005B074A /* CEIDailyChoresView.m in Sources */ = {isa = PBXBuildFile; fileRef = FD2E9AE219575E49005B074A /* CEIDailyChoresView.m */; };
		FD2E9AE6195775F6005B074A /* CEIColor.m in Sources */ = {isa = PBXBuildFile; fileRef = FD2E9AE5195775F6005B074A /* CEIColor.m */; };
		FD2E9AE919577E76005B074A /* CEIGoalTableViewCell.m in Sources */ = {isa = PBXBuildFile; fileRef = FD2E9AE819577E76005B074A /* CEIGoalTableViewCell.m */; };
		FD2E9AF51958C4C4005B074A /* CEIAllMissionsViewController.m in Sources */ = {isa = PBXBuildFile; fileRef = FD2E9AF41958C4C4005B074A /* CEIAllMissionsViewController.m */; };
		FD2E9AF81958C5BA005B074A /* CEIAddFlockToMissionViewController.m in Sources */ = {isa = PBXBuildFile; fileRef = FD2E9AF71958C5BA005B074A /* CEIAddFlockToMissionViewController.m */; };
		FD2E9AFB1959B7FD005B074A /* CEIAddMissionViewController.m in Sources */ = {isa = PBXBuildFile; fileRef = FD2E9AFA1959B7FD005B074A /* CEIAddMissionViewController.m */; };
		FD5833CF1960A9FD008782D8 /* CEIDay.m in Sources */ = {isa = PBXBuildFile; fileRef = FD5833CE1960A9FD008782D8 /* CEIDay.m */; };
		FD5833D21960BAC6008782D8 /* CEIAddGoalViewController.m in Sources */ = {isa = PBXBuildFile; fileRef = FD5833D11960BAC6008782D8 /* CEIAddGoalViewController.m */; };
		FDA5DA9D1965A10B005394BC /* CEIAddMentorViewController.m in Sources */ = {isa = PBXBuildFile; fileRef = FDA5DA9C1965A10B005394BC /* CEIAddMentorViewController.m */; };
		FDA5DAA01965A3F5005394BC /* CEIAddMentorFoundViewController.m in Sources */ = {isa = PBXBuildFile; fileRef = FDA5DA9F1965A3F5005394BC /* CEIAddMentorFoundViewController.m */; };
		FDC8D2471955D54300B60BEF /* CEILoginViewController.m in Sources */ = {isa = PBXBuildFile; fileRef = FDC8D2461955D54300B60BEF /* CEILoginViewController.m */; };
		FDC8D24A1955F79800B60BEF /* CEINotificationNames.m in Sources */ = {isa = PBXBuildFile; fileRef = FDC8D2491955F79800B60BEF /* CEINotificationNames.m */; };
		FDC8D24D1956007000B60BEF /* CEIProfileBarButtonItem.m in Sources */ = {isa = PBXBuildFile; fileRef = FDC8D24C1956007000B60BEF /* CEIProfileBarButtonItem.m */; };
		FDC8D2571956E67D00B60BEF /* CEIAddEncouragementViewController.m in Sources */ = {isa = PBXBuildFile; fileRef = FDC8D2561956E67D00B60BEF /* CEIAddEncouragementViewController.m */; };
		FDC8D25A1956EF9F00B60BEF /* CEIEncouragementTableViewCell.m in Sources */ = {isa = PBXBuildFile; fileRef = FDC8D2591956EF9F00B60BEF /* CEIEncouragementTableViewCell.m */; };
		FDD65EAA19719A9500DAC841 /* CEIPhonePrefixPickerViewController.m in Sources */ = {isa = PBXBuildFile; fileRef = FDD65EA919719A9500DAC841 /* CEIPhonePrefixPickerViewController.m */; };
		FDD65EAD1972AA4200DAC841 /* CEITextField.m in Sources */ = {isa = PBXBuildFile; fileRef = FDD65EAC1972AA4200DAC841 /* CEITextField.m */; };
		FDE1626D196BFDD500E9FD8F /* CEIDailyChoresWeekView.m in Sources */ = {isa = PBXBuildFile; fileRef = FDE1626C196BFDD500E9FD8F /* CEIDailyChoresWeekView.m */; };
		FDE16270196C35B700E9FD8F /* CEIGoalStepViewCheckin.m in Sources */ = {isa = PBXBuildFile; fileRef = FDE1626F196C35B700E9FD8F /* CEIGoalStepViewCheckin.m */; };
		FDE16273196C35D300E9FD8F /* CEIGoalStepViewCheckup.m in Sources */ = {isa = PBXBuildFile; fileRef = FDE16272196C35D300E9FD8F /* CEIGoalStepViewCheckup.m */; };
		FDE16275196C35EF00E9FD8F /* CEIGoalStepViewCheckin.xib in Resources */ = {isa = PBXBuildFile; fileRef = FDE16274196C35EF00E9FD8F /* CEIGoalStepViewCheckin.xib */; };
		FDE16277196C35FC00E9FD8F /* CEIGoalStepViewCheckup.xib in Resources */ = {isa = PBXBuildFile; fileRef = FDE16276196C35FC00E9FD8F /* CEIGoalStepViewCheckup.xib */; };
		FDE162AD19715EB600E9FD8F /* CEIMottoViewController.m in Sources */ = {isa = PBXBuildFile; fileRef = FDE162AC19715EB600E9FD8F /* CEIMottoViewController.m */; };
/* End PBXBuildFile section */

/* Begin PBXContainerItemProxy section */
		A440A1A71937F33900D7CC0D /* PBXContainerItemProxy */ = {
			isa = PBXContainerItemProxy;
			containerPortal = A440A17F1937F33900D7CC0D /* Project object */;
			proxyType = 1;
			remoteGlobalIDString = A440A1861937F33900D7CC0D;
			remoteInfo = ReachOut;
		};
/* End PBXContainerItemProxy section */

/* Begin PBXFileReference section */
		224F1343C32B4C2496EC140A /* libPods.a */ = {isa = PBXFileReference; explicitFileType = archive.ar; includeInIndex = 0; path = libPods.a; sourceTree = BUILT_PRODUCTS_DIR; };
		3CF810CB89BA4BC99C77774C /* Pods.xcconfig */ = {isa = PBXFileReference; includeInIndex = 1; lastKnownFileType = text.xcconfig; name = Pods.xcconfig; path = Pods/Pods.xcconfig; sourceTree = "<group>"; };
		A403F3AB19393DE60039750B /* CEIBaseViewController.h */ = {isa = PBXFileReference; fileEncoding = 4; lastKnownFileType = sourcecode.c.h; path = CEIBaseViewController.h; sourceTree = "<group>"; };
		A403F3AC19393DE60039750B /* CEIBaseViewController.m */ = {isa = PBXFileReference; fileEncoding = 4; lastKnownFileType = sourcecode.c.objc; path = CEIBaseViewController.m; sourceTree = "<group>"; };
		A403F3AE19393DFA0039750B /* CEINavigationController.h */ = {isa = PBXFileReference; fileEncoding = 4; lastKnownFileType = sourcecode.c.h; path = CEINavigationController.h; sourceTree = "<group>"; };
		A403F3AF19393DFA0039750B /* CEINavigationController.m */ = {isa = PBXFileReference; fileEncoding = 4; lastKnownFileType = sourcecode.c.objc; path = CEINavigationController.m; sourceTree = "<group>"; };
		A403F3B119393E3A0039750B /* CEIRoleSelectViewController.h */ = {isa = PBXFileReference; fileEncoding = 4; lastKnownFileType = sourcecode.c.h; path = CEIRoleSelectViewController.h; sourceTree = "<group>"; };
		A403F3B219393E3A0039750B /* CEIRoleSelectViewController.m */ = {isa = PBXFileReference; fileEncoding = 4; lastKnownFileType = sourcecode.c.objc; path = CEIRoleSelectViewController.m; sourceTree = "<group>"; };
		A403F3B819393EAB0039750B /* CEIFindMentorViewController.h */ = {isa = PBXFileReference; fileEncoding = 4; lastKnownFileType = sourcecode.c.h; path = CEIFindMentorViewController.h; sourceTree = "<group>"; };
		A403F3B919393EAB0039750B /* CEIFindMentorViewController.m */ = {isa = PBXFileReference; fileEncoding = 4; lastKnownFileType = sourcecode.c.objc; path = CEIFindMentorViewController.m; sourceTree = "<group>"; };
		A403F3BB19393EC70039750B /* CEIMentorFoundViewController.h */ = {isa = PBXFileReference; fileEncoding = 4; lastKnownFileType = sourcecode.c.h; path = CEIMentorFoundViewController.h; sourceTree = "<group>"; };
		A403F3BC19393EC70039750B /* CEIMentorFoundViewController.m */ = {isa = PBXFileReference; fileEncoding = 4; lastKnownFileType = sourcecode.c.objc; path = CEIMentorFoundViewController.m; sourceTree = "<group>"; };
		A403F3C2193947E00039750B /* CEISignupViewController.h */ = {isa = PBXFileReference; fileEncoding = 4; lastKnownFileType = sourcecode.c.h; name = CEISignupViewController.h; path = ../CEISignupViewController.h; sourceTree = "<group>"; };
		A403F3C3193947E00039750B /* CEISignupViewController.m */ = {isa = PBXFileReference; fileEncoding = 4; lastKnownFileType = sourcecode.c.objc; name = CEISignupViewController.m; path = ../CEISignupViewController.m; sourceTree = "<group>"; };
		A403F3CA193948F90039750B /* CEIRootViewController.h */ = {isa = PBXFileReference; fileEncoding = 4; lastKnownFileType = sourcecode.c.h; path = CEIRootViewController.h; sourceTree = "<group>"; };
		A403F3CB193948F90039750B /* CEIRootViewController.m */ = {isa = PBXFileReference; fileEncoding = 4; lastKnownFileType = sourcecode.c.objc; path = CEIRootViewController.m; sourceTree = "<group>"; };
		A440A1871937F33900D7CC0D /* ReachOut.app */ = {isa = PBXFileReference; explicitFileType = wrapper.application; includeInIndex = 0; path = ReachOut.app; sourceTree = BUILT_PRODUCTS_DIR; };
		A440A18A1937F33900D7CC0D /* Foundation.framework */ = {isa = PBXFileReference; lastKnownFileType = wrapper.framework; name = Foundation.framework; path = System/Library/Frameworks/Foundation.framework; sourceTree = SDKROOT; };
		A440A18C1937F33900D7CC0D /* CoreGraphics.framework */ = {isa = PBXFileReference; lastKnownFileType = wrapper.framework; name = CoreGraphics.framework; path = System/Library/Frameworks/CoreGraphics.framework; sourceTree = SDKROOT; };
		A440A18E1937F33900D7CC0D /* UIKit.framework */ = {isa = PBXFileReference; lastKnownFileType = wrapper.framework; name = UIKit.framework; path = System/Library/Frameworks/UIKit.framework; sourceTree = SDKROOT; };
		A440A1921937F33900D7CC0D /* ReachOut-Info.plist */ = {isa = PBXFileReference; lastKnownFileType = text.plist.xml; path = "ReachOut-Info.plist"; sourceTree = "<group>"; };
		A440A1941937F33900D7CC0D /* en */ = {isa = PBXFileReference; lastKnownFileType = text.plist.strings; name = en; path = en.lproj/InfoPlist.strings; sourceTree = "<group>"; };
		A440A1961937F33900D7CC0D /* main.m */ = {isa = PBXFileReference; lastKnownFileType = sourcecode.c.objc; path = main.m; sourceTree = "<group>"; };
		A440A1981937F33900D7CC0D /* ReachOut-Prefix.pch */ = {isa = PBXFileReference; lastKnownFileType = sourcecode.c.h; path = "ReachOut-Prefix.pch"; sourceTree = "<group>"; };
		A440A1991937F33900D7CC0D /* CEIAppDelegate.h */ = {isa = PBXFileReference; lastKnownFileType = sourcecode.c.h; path = CEIAppDelegate.h; sourceTree = "<group>"; };
		A440A19A1937F33900D7CC0D /* CEIAppDelegate.m */ = {isa = PBXFileReference; lastKnownFileType = sourcecode.c.objc; path = CEIAppDelegate.m; sourceTree = "<group>"; };
		A440A19C1937F33900D7CC0D /* Images.xcassets */ = {isa = PBXFileReference; lastKnownFileType = folder.assetcatalog; path = Images.xcassets; sourceTree = "<group>"; };
		A440A1A21937F33900D7CC0D /* ReachOutTests.xctest */ = {isa = PBXFileReference; explicitFileType = wrapper.cfbundle; includeInIndex = 0; path = ReachOutTests.xctest; sourceTree = BUILT_PRODUCTS_DIR; };
		A440A1A31937F33900D7CC0D /* XCTest.framework */ = {isa = PBXFileReference; lastKnownFileType = wrapper.framework; name = XCTest.framework; path = Library/Frameworks/XCTest.framework; sourceTree = DEVELOPER_DIR; };
		A440A1AB1937F33900D7CC0D /* ReachOutTests-Info.plist */ = {isa = PBXFileReference; lastKnownFileType = text.plist.xml; path = "ReachOutTests-Info.plist"; sourceTree = "<group>"; };
		A440A1AD1937F33900D7CC0D /* en */ = {isa = PBXFileReference; lastKnownFileType = text.plist.strings; name = en; path = en.lproj/InfoPlist.strings; sourceTree = "<group>"; };
		A440A1AF1937F33900D7CC0D /* ReachOutTests.m */ = {isa = PBXFileReference; lastKnownFileType = sourcecode.c.objc; path = ReachOutTests.m; sourceTree = "<group>"; };
		A45E4B87193800A6008D7EA6 /* MainStoryboard_iPhone.storyboard */ = {isa = PBXFileReference; fileEncoding = 4; lastKnownFileType = file.storyboard; name = MainStoryboard_iPhone.storyboard; path = ../Storyboards/MainStoryboard_iPhone.storyboard; sourceTree = "<group>"; };
		A45E4B8A193800CC008D7EA6 /* CEIHandies.h */ = {isa = PBXFileReference; fileEncoding = 4; lastKnownFileType = sourcecode.c.h; path = CEIHandies.h; sourceTree = "<group>"; };
		A45E4B8B193800CC008D7EA6 /* CEIHandies.m */ = {isa = PBXFileReference; fileEncoding = 4; lastKnownFileType = sourcecode.c.objc; path = CEIHandies.m; sourceTree = "<group>"; };
		A4CAB088193A2BAD00CC7B12 /* UIView+NibLoading.h */ = {isa = PBXFileReference; fileEncoding = 4; lastKnownFileType = sourcecode.c.h; path = "UIView+NibLoading.h"; sourceTree = "<group>"; };
		A4CAB089193A2BAD00CC7B12 /* UIView+NibLoading.m */ = {isa = PBXFileReference; fileEncoding = 4; lastKnownFileType = sourcecode.c.objc; path = "UIView+NibLoading.m"; sourceTree = "<group>"; };
		A4CAB08D193B4C3D00CC7B12 /* UIView+FirstResponder.h */ = {isa = PBXFileReference; fileEncoding = 4; lastKnownFileType = sourcecode.c.h; path = "UIView+FirstResponder.h"; sourceTree = "<group>"; };
		A4CAB08E193B4C3D00CC7B12 /* UIView+FirstResponder.m */ = {isa = PBXFileReference; fileEncoding = 4; lastKnownFileType = sourcecode.c.objc; path = "UIView+FirstResponder.m"; sourceTree = "<group>"; };
		FD0C850B193E46CB004C006B /* AudioToolbox.framework */ = {isa = PBXFileReference; lastKnownFileType = wrapper.framework; name = AudioToolbox.framework; path = System/Library/Frameworks/AudioToolbox.framework; sourceTree = SDKROOT; };
		FD0C850D193E46D1004C006B /* CFNetwork.framework */ = {isa = PBXFileReference; lastKnownFileType = wrapper.framework; name = CFNetwork.framework; path = System/Library/Frameworks/CFNetwork.framework; sourceTree = SDKROOT; };
		FD0C850F193E46E1004C006B /* CoreLocation.framework */ = {isa = PBXFileReference; lastKnownFileType = wrapper.framework; name = CoreLocation.framework; path = System/Library/Frameworks/CoreLocation.framework; sourceTree = SDKROOT; };
		FD0C8511193E46EA004C006B /* libz.dylib */ = {isa = PBXFileReference; lastKnownFileType = "compiled.mach-o.dylib"; name = libz.dylib; path = usr/lib/libz.dylib; sourceTree = SDKROOT; };
		FD0C8513193E46F5004C006B /* MobileCoreServices.framework */ = {isa = PBXFileReference; lastKnownFileType = wrapper.framework; name = MobileCoreServices.framework; path = System/Library/Frameworks/MobileCoreServices.framework; sourceTree = SDKROOT; };
		FD0C8515193E46FD004C006B /* QuartzCore.framework */ = {isa = PBXFileReference; lastKnownFileType = wrapper.framework; name = QuartzCore.framework; path = System/Library/Frameworks/QuartzCore.framework; sourceTree = SDKROOT; };
		FD0C8517193E4705004C006B /* Security.framework */ = {isa = PBXFileReference; lastKnownFileType = wrapper.framework; name = Security.framework; path = System/Library/Frameworks/Security.framework; sourceTree = SDKROOT; };
		FD0C8519193E470D004C006B /* StoreKit.framework */ = {isa = PBXFileReference; lastKnownFileType = wrapper.framework; name = StoreKit.framework; path = System/Library/Frameworks/StoreKit.framework; sourceTree = SDKROOT; };
		FD0C851B193E4714004C006B /* SystemConfiguration.framework */ = {isa = PBXFileReference; lastKnownFileType = wrapper.framework; name = SystemConfiguration.framework; path = System/Library/Frameworks/SystemConfiguration.framework; sourceTree = SDKROOT; };
		FD0C851D193E4787004C006B /* Parse.framework */ = {isa = PBXFileReference; lastKnownFileType = wrapper.framework; path = Parse.framework; sourceTree = "<group>"; };
		FD0C851F193E4BB4004C006B /* Accelerate.framework */ = {isa = PBXFileReference; lastKnownFileType = wrapper.framework; name = Accelerate.framework; path = System/Library/Frameworks/Accelerate.framework; sourceTree = SDKROOT; };
		FD0C8521193E4F66004C006B /* CEICodeVerificationView.h */ = {isa = PBXFileReference; fileEncoding = 4; lastKnownFileType = sourcecode.c.h; path = CEICodeVerificationView.h; sourceTree = "<group>"; };
		FD0C8522193E4F66004C006B /* CEICodeVerificationView.m */ = {isa = PBXFileReference; fileEncoding = 4; lastKnownFileType = sourcecode.c.objc; path = CEICodeVerificationView.m; sourceTree = "<group>"; };
		FD0C8524193E5207004C006B /* CEICodeVerificationView.xib */ = {isa = PBXFileReference; fileEncoding = 4; lastKnownFileType = file.xib; path = CEICodeVerificationView.xib; sourceTree = "<group>"; };
		FD0C8528193E5B9F004C006B /* FacebookSDK.framework */ = {isa = PBXFileReference; lastKnownFileType = wrapper.framework; path = FacebookSDK.framework; sourceTree = "<group>"; };
		FD0C852A193E5C6E004C006B /* Twitter.framework */ = {isa = PBXFileReference; lastKnownFileType = wrapper.framework; name = Twitter.framework; path = System/Library/Frameworks/Twitter.framework; sourceTree = SDKROOT; };
		FD0C852C193E5C7B004C006B /* Social.framework */ = {isa = PBXFileReference; lastKnownFileType = wrapper.framework; name = Social.framework; path = System/Library/Frameworks/Social.framework; sourceTree = SDKROOT; };
		FD0C852E193E5C84004C006B /* Accounts.framework */ = {isa = PBXFileReference; lastKnownFileType = wrapper.framework; name = Accounts.framework; path = System/Library/Frameworks/Accounts.framework; sourceTree = SDKROOT; };
		FD0C8532193F5A7B004C006B /* CEIMentorSignupViewController.h */ = {isa = PBXFileReference; fileEncoding = 4; lastKnownFileType = sourcecode.c.h; path = CEIMentorSignupViewController.h; sourceTree = "<group>"; };
		FD0C8533193F5A7B004C006B /* CEIMentorSignupViewController.m */ = {isa = PBXFileReference; fileEncoding = 4; lastKnownFileType = sourcecode.c.objc; path = CEIMentorSignupViewController.m; sourceTree = "<group>"; };
		FD119061194202F1005A1AE1 /* CEISession.h */ = {isa = PBXFileReference; fileEncoding = 4; lastKnownFileType = sourcecode.c.h; path = CEISession.h; sourceTree = "<group>"; };
		FD119062194202F1005A1AE1 /* CEISession.m */ = {isa = PBXFileReference; fileEncoding = 4; lastKnownFileType = sourcecode.c.objc; path = CEISession.m; sourceTree = "<group>"; };
		FD11906619420D80005A1AE1 /* CEIAlertView.h */ = {isa = PBXFileReference; fileEncoding = 4; lastKnownFileType = sourcecode.c.h; path = CEIAlertView.h; sourceTree = "<group>"; };
		FD11906719420D80005A1AE1 /* CEIAlertView.m */ = {isa = PBXFileReference; fileEncoding = 4; lastKnownFileType = sourcecode.c.objc; path = CEIAlertView.m; sourceTree = "<group>"; };
		FD11906C19465578005A1AE1 /* CEIFlockViewController.h */ = {isa = PBXFileReference; fileEncoding = 4; lastKnownFileType = sourcecode.c.h; path = CEIFlockViewController.h; sourceTree = "<group>"; };
		FD11906D19465578005A1AE1 /* CEIFlockViewController.m */ = {isa = PBXFileReference; fileEncoding = 4; lastKnownFileType = sourcecode.c.objc; path = CEIFlockViewController.m; sourceTree = "<group>"; };
		FD1190701946559F005A1AE1 /* CEIMentorsViewController.h */ = {isa = PBXFileReference; fileEncoding = 4; lastKnownFileType = sourcecode.c.h; path = CEIMentorsViewController.h; sourceTree = "<group>"; };
		FD1190711946559F005A1AE1 /* CEIMentorsViewController.m */ = {isa = PBXFileReference; fileEncoding = 4; lastKnownFileType = sourcecode.c.objc; path = CEIMentorsViewController.m; sourceTree = "<group>"; };
		FD1190A319487BD4005A1AE1 /* CEIMoreViewController.h */ = {isa = PBXFileReference; fileEncoding = 4; lastKnownFileType = sourcecode.c.h; path = CEIMoreViewController.h; sourceTree = "<group>"; };
		FD1190A419487BD4005A1AE1 /* CEIMoreViewController.m */ = {isa = PBXFileReference; fileEncoding = 4; lastKnownFileType = sourcecode.c.objc; path = CEIMoreViewController.m; sourceTree = "<group>"; };
		FD1190A619487C03005A1AE1 /* CEIEncouragementViewController.h */ = {isa = PBXFileReference; fileEncoding = 4; lastKnownFileType = sourcecode.c.h; path = CEIEncouragementViewController.h; sourceTree = "<group>"; };
		FD1190A719487C03005A1AE1 /* CEIEncouragementViewController.m */ = {isa = PBXFileReference; fileEncoding = 4; lastKnownFileType = sourcecode.c.objc; path = CEIEncouragementViewController.m; sourceTree = "<group>"; };
		FD1190AA19488FBD005A1AE1 /* podfile */ = {isa = PBXFileReference; fileEncoding = 4; lastKnownFileType = text; path = podfile; sourceTree = SOURCE_ROOT; xcLanguageSpecificationIdentifier = xcode.lang.ruby; };
		FD1190AC194896C5005A1AE1 /* CEIMentorCell.h */ = {isa = PBXFileReference; fileEncoding = 4; lastKnownFileType = sourcecode.c.h; path = CEIMentorCell.h; sourceTree = "<group>"; };
		FD1190AD194896C5005A1AE1 /* CEIMentorCell.m */ = {isa = PBXFileReference; fileEncoding = 4; lastKnownFileType = sourcecode.c.objc; path = CEIMentorCell.m; sourceTree = "<group>"; };
		FD1190B2194899C2005A1AE1 /* CEIMissionsViewController.h */ = {isa = PBXFileReference; fileEncoding = 4; lastKnownFileType = sourcecode.c.h; path = CEIMissionsViewController.h; sourceTree = "<group>"; };
		FD1190B3194899C2005A1AE1 /* CEIMissionsViewController.m */ = {isa = PBXFileReference; fileEncoding = 4; lastKnownFileType = sourcecode.c.objc; path = CEIMissionsViewController.m; sourceTree = "<group>"; };
		FD1190B5194899D8005A1AE1 /* CEIMissionViewController.h */ = {isa = PBXFileReference; fileEncoding = 4; lastKnownFileType = sourcecode.c.h; path = CEIMissionViewController.h; sourceTree = "<group>"; };
		FD1190B6194899D8005A1AE1 /* CEIMissionViewController.m */ = {isa = PBXFileReference; fileEncoding = 4; lastKnownFileType = sourcecode.c.objc; path = CEIMissionViewController.m; sourceTree = "<group>"; };
		FD1190BB19489A99005A1AE1 /* CEIUserPortraitView.h */ = {isa = PBXFileReference; fileEncoding = 4; lastKnownFileType = sourcecode.c.h; path = CEIUserPortraitView.h; sourceTree = "<group>"; };
		FD1190BC19489A99005A1AE1 /* CEIUserPortraitView.m */ = {isa = PBXFileReference; fileEncoding = 4; lastKnownFileType = sourcecode.c.objc; path = CEIUserPortraitView.m; sourceTree = "<group>"; };
		FD1190BE1948F4E8005A1AE1 /* CEIDoubleDisclosureCell.h */ = {isa = PBXFileReference; fileEncoding = 4; lastKnownFileType = sourcecode.c.h; path = CEIDoubleDisclosureCell.h; sourceTree = "<group>"; };
		FD1190BF1948F4E8005A1AE1 /* CEIDoubleDisclosureCell.m */ = {isa = PBXFileReference; fileEncoding = 4; lastKnownFileType = sourcecode.c.objc; path = CEIDoubleDisclosureCell.m; sourceTree = "<group>"; };
		FD1190C11949EDEF005A1AE1 /* NSDate+Difference.h */ = {isa = PBXFileReference; fileEncoding = 4; lastKnownFileType = sourcecode.c.h; path = "NSDate+Difference.h"; sourceTree = "<group>"; };
		FD1190C21949EDEF005A1AE1 /* NSDate+Difference.m */ = {isa = PBXFileReference; fileEncoding = 4; lastKnownFileType = sourcecode.c.objc; path = "NSDate+Difference.m"; sourceTree = "<group>"; };
		FD2E9AD7195731F7005B074A /* run@2x.gif */ = {isa = PBXFileReference; lastKnownFileType = image.gif; path = "run@2x.gif"; sourceTree = "<group>"; };
		FD2E9ADC1957371C005B074A /* sheepPhoto.png */ = {isa = PBXFileReference; lastKnownFileType = image.png; path = sheepPhoto.png; sourceTree = "<group>"; };
		FD2E9ADE19573BCC005B074A /* CEIWebViewViewController.h */ = {isa = PBXFileReference; fileEncoding = 4; lastKnownFileType = sourcecode.c.h; path = CEIWebViewViewController.h; sourceTree = "<group>"; };
		FD2E9ADF19573BCC005B074A /* CEIWebViewViewController.m */ = {isa = PBXFileReference; fileEncoding = 4; lastKnownFileType = sourcecode.c.objc; path = CEIWebViewViewController.m; sourceTree = "<group>"; };
		FD2E9AE119575E49005B074A /* CEIDailyChoresView.h */ = {isa = PBXFileReference; fileEncoding = 4; lastKnownFileType = sourcecode.c.h; path = CEIDailyChoresView.h; sourceTree = "<group>"; };
		FD2E9AE219575E49005B074A /* CEIDailyChoresView.m */ = {isa = PBXFileReference; fileEncoding = 4; lastKnownFileType = sourcecode.c.objc; path = CEIDailyChoresView.m; sourceTree = "<group>"; };
		FD2E9AE4195775F6005B074A /* CEIColor.h */ = {isa = PBXFileReference; fileEncoding = 4; lastKnownFileType = sourcecode.c.h; path = CEIColor.h; sourceTree = "<group>"; };
		FD2E9AE5195775F6005B074A /* CEIColor.m */ = {isa = PBXFileReference; fileEncoding = 4; lastKnownFileType = sourcecode.c.objc; path = CEIColor.m; sourceTree = "<group>"; };
		FD2E9AE719577E76005B074A /* CEIGoalTableViewCell.h */ = {isa = PBXFileReference; fileEncoding = 4; lastKnownFileType = sourcecode.c.h; path = CEIGoalTableViewCell.h; sourceTree = "<group>"; };
		FD2E9AE819577E76005B074A /* CEIGoalTableViewCell.m */ = {isa = PBXFileReference; fileEncoding = 4; lastKnownFileType = sourcecode.c.objc; path = CEIGoalTableViewCell.m; sourceTree = "<group>"; };
		FD2E9AF31958C4C4005B074A /* CEIAllMissionsViewController.h */ = {isa = PBXFileReference; fileEncoding = 4; lastKnownFileType = sourcecode.c.h; path = CEIAllMissionsViewController.h; sourceTree = "<group>"; };
		FD2E9AF41958C4C4005B074A /* CEIAllMissionsViewController.m */ = {isa = PBXFileReference; fileEncoding = 4; lastKnownFileType = sourcecode.c.objc; path = CEIAllMissionsViewController.m; sourceTree = "<group>"; };
		FD2E9AF61958C5BA005B074A /* CEIAddFlockToMissionViewController.h */ = {isa = PBXFileReference; fileEncoding = 4; lastKnownFileType = sourcecode.c.h; path = CEIAddFlockToMissionViewController.h; sourceTree = "<group>"; };
		FD2E9AF71958C5BA005B074A /* CEIAddFlockToMissionViewController.m */ = {isa = PBXFileReference; fileEncoding = 4; lastKnownFileType = sourcecode.c.objc; path = CEIAddFlockToMissionViewController.m; sourceTree = "<group>"; };
		FD2E9AF91959B7FD005B074A /* CEIAddMissionViewController.h */ = {isa = PBXFileReference; fileEncoding = 4; lastKnownFileType = sourcecode.c.h; path = CEIAddMissionViewController.h; sourceTree = "<group>"; };
		FD2E9AFA1959B7FD005B074A /* CEIAddMissionViewController.m */ = {isa = PBXFileReference; fileEncoding = 4; lastKnownFileType = sourcecode.c.objc; path = CEIAddMissionViewController.m; sourceTree = "<group>"; };
		FD5833CD1960A9FD008782D8 /* CEIDay.h */ = {isa = PBXFileReference; fileEncoding = 4; lastKnownFileType = sourcecode.c.h; path = CEIDay.h; sourceTree = "<group>"; };
		FD5833CE1960A9FD008782D8 /* CEIDay.m */ = {isa = PBXFileReference; fileEncoding = 4; lastKnownFileType = sourcecode.c.objc; path = CEIDay.m; sourceTree = "<group>"; };
		FD5833D01960BAC6008782D8 /* CEIAddGoalViewController.h */ = {isa = PBXFileReference; fileEncoding = 4; lastKnownFileType = sourcecode.c.h; path = CEIAddGoalViewController.h; sourceTree = "<group>"; };
		FD5833D11960BAC6008782D8 /* CEIAddGoalViewController.m */ = {isa = PBXFileReference; fileEncoding = 4; lastKnownFileType = sourcecode.c.objc; path = CEIAddGoalViewController.m; sourceTree = "<group>"; };
		FDA5DA9B1965A10B005394BC /* CEIAddMentorViewController.h */ = {isa = PBXFileReference; fileEncoding = 4; lastKnownFileType = sourcecode.c.h; path = CEIAddMentorViewController.h; sourceTree = "<group>"; };
		FDA5DA9C1965A10B005394BC /* CEIAddMentorViewController.m */ = {isa = PBXFileReference; fileEncoding = 4; lastKnownFileType = sourcecode.c.objc; path = CEIAddMentorViewController.m; sourceTree = "<group>"; };
		FDA5DA9E1965A3F5005394BC /* CEIAddMentorFoundViewController.h */ = {isa = PBXFileReference; fileEncoding = 4; lastKnownFileType = sourcecode.c.h; path = CEIAddMentorFoundViewController.h; sourceTree = "<group>"; };
		FDA5DA9F1965A3F5005394BC /* CEIAddMentorFoundViewController.m */ = {isa = PBXFileReference; fileEncoding = 4; lastKnownFileType = sourcecode.c.objc; path = CEIAddMentorFoundViewController.m; sourceTree = "<group>"; };
		FDC8D2451955D54300B60BEF /* CEILoginViewController.h */ = {isa = PBXFileReference; fileEncoding = 4; lastKnownFileType = sourcecode.c.h; path = CEILoginViewController.h; sourceTree = "<group>"; };
		FDC8D2461955D54300B60BEF /* CEILoginViewController.m */ = {isa = PBXFileReference; fileEncoding = 4; lastKnownFileType = sourcecode.c.objc; path = CEILoginViewController.m; sourceTree = "<group>"; };
		FDC8D2481955F79800B60BEF /* CEINotificationNames.h */ = {isa = PBXFileReference; fileEncoding = 4; lastKnownFileType = sourcecode.c.h; path = CEINotificationNames.h; sourceTree = "<group>"; };
		FDC8D2491955F79800B60BEF /* CEINotificationNames.m */ = {isa = PBXFileReference; fileEncoding = 4; lastKnownFileType = sourcecode.c.objc; path = CEINotificationNames.m; sourceTree = "<group>"; };
		FDC8D24B1956007000B60BEF /* CEIProfileBarButtonItem.h */ = {isa = PBXFileReference; fileEncoding = 4; lastKnownFileType = sourcecode.c.h; path = CEIProfileBarButtonItem.h; sourceTree = "<group>"; };
		FDC8D24C1956007000B60BEF /* CEIProfileBarButtonItem.m */ = {isa = PBXFileReference; fileEncoding = 4; lastKnownFileType = sourcecode.c.objc; path = CEIProfileBarButtonItem.m; sourceTree = "<group>"; };
		FDC8D2551956E67D00B60BEF /* CEIAddEncouragementViewController.h */ = {isa = PBXFileReference; fileEncoding = 4; lastKnownFileType = sourcecode.c.h; path = CEIAddEncouragementViewController.h; sourceTree = "<group>"; };
		FDC8D2561956E67D00B60BEF /* CEIAddEncouragementViewController.m */ = {isa = PBXFileReference; fileEncoding = 4; lastKnownFileType = sourcecode.c.objc; path = CEIAddEncouragementViewController.m; sourceTree = "<group>"; };
		FDC8D2581956EF9F00B60BEF /* CEIEncouragementTableViewCell.h */ = {isa = PBXFileReference; fileEncoding = 4; lastKnownFileType = sourcecode.c.h; path = CEIEncouragementTableViewCell.h; sourceTree = "<group>"; };
		FDC8D2591956EF9F00B60BEF /* CEIEncouragementTableViewCell.m */ = {isa = PBXFileReference; fileEncoding = 4; lastKnownFileType = sourcecode.c.objc; path = CEIEncouragementTableViewCell.m; sourceTree = "<group>"; };
		FDD65EA819719A9500DAC841 /* CEIPhonePrefixPickerViewController.h */ = {isa = PBXFileReference; fileEncoding = 4; lastKnownFileType = sourcecode.c.h; path = CEIPhonePrefixPickerViewController.h; sourceTree = "<group>"; };
		FDD65EA919719A9500DAC841 /* CEIPhonePrefixPickerViewController.m */ = {isa = PBXFileReference; fileEncoding = 4; lastKnownFileType = sourcecode.c.objc; path = CEIPhonePrefixPickerViewController.m; sourceTree = "<group>"; };
		FDD65EAB1972AA4200DAC841 /* CEITextField.h */ = {isa = PBXFileReference; fileEncoding = 4; lastKnownFileType = sourcecode.c.h; path = CEITextField.h; sourceTree = "<group>"; };
		FDD65EAC1972AA4200DAC841 /* CEITextField.m */ = {isa = PBXFileReference; fileEncoding = 4; lastKnownFileType = sourcecode.c.objc; path = CEITextField.m; sourceTree = "<group>"; };
		FDE1626B196BFDD500E9FD8F /* CEIDailyChoresWeekView.h */ = {isa = PBXFileReference; fileEncoding = 4; lastKnownFileType = sourcecode.c.h; path = CEIDailyChoresWeekView.h; sourceTree = "<group>"; };
		FDE1626C196BFDD500E9FD8F /* CEIDailyChoresWeekView.m */ = {isa = PBXFileReference; fileEncoding = 4; lastKnownFileType = sourcecode.c.objc; path = CEIDailyChoresWeekView.m; sourceTree = "<group>"; };
		FDE1626E196C35B700E9FD8F /* CEIGoalStepViewCheckin.h */ = {isa = PBXFileReference; fileEncoding = 4; lastKnownFileType = sourcecode.c.h; path = CEIGoalStepViewCheckin.h; sourceTree = "<group>"; };
		FDE1626F196C35B700E9FD8F /* CEIGoalStepViewCheckin.m */ = {isa = PBXFileReference; fileEncoding = 4; lastKnownFileType = sourcecode.c.objc; path = CEIGoalStepViewCheckin.m; sourceTree = "<group>"; };
		FDE16271196C35D300E9FD8F /* CEIGoalStepViewCheckup.h */ = {isa = PBXFileReference; fileEncoding = 4; lastKnownFileType = sourcecode.c.h; path = CEIGoalStepViewCheckup.h; sourceTree = "<group>"; };
		FDE16272196C35D300E9FD8F /* CEIGoalStepViewCheckup.m */ = {isa = PBXFileReference; fileEncoding = 4; lastKnownFileType = sourcecode.c.objc; path = CEIGoalStepViewCheckup.m; sourceTree = "<group>"; };
		FDE16274196C35EF00E9FD8F /* CEIGoalStepViewCheckin.xib */ = {isa = PBXFileReference; fileEncoding = 4; lastKnownFileType = file.xib; path = CEIGoalStepViewCheckin.xib; sourceTree = "<group>"; };
		FDE16276196C35FC00E9FD8F /* CEIGoalStepViewCheckup.xib */ = {isa = PBXFileReference; fileEncoding = 4; lastKnownFileType = file.xib; path = CEIGoalStepViewCheckup.xib; sourceTree = "<group>"; };
		FDE162AB19715EB600E9FD8F /* CEIMottoViewController.h */ = {isa = PBXFileReference; fileEncoding = 4; lastKnownFileType = sourcecode.c.h; path = CEIMottoViewController.h; sourceTree = "<group>"; };
		FDE162AC19715EB600E9FD8F /* CEIMottoViewController.m */ = {isa = PBXFileReference; fileEncoding = 4; lastKnownFileType = sourcecode.c.objc; path = CEIMottoViewController.m; sourceTree = "<group>"; };
/* End PBXFileReference section */

/* Begin PBXFrameworksBuildPhase section */
		A440A1841937F33900D7CC0D /* Frameworks */ = {
			isa = PBXFrameworksBuildPhase;
			buildActionMask = 2147483647;
			files = (
				FD0C852F193E5C84004C006B /* Accounts.framework in Frameworks */,
				FD0C852D193E5C7B004C006B /* Social.framework in Frameworks */,
				FD0C852B193E5C6E004C006B /* Twitter.framework in Frameworks */,
				FD0C8520193E4BB4004C006B /* Accelerate.framework in Frameworks */,
				FD0C851C193E4714004C006B /* SystemConfiguration.framework in Frameworks */,
				FD0C851A193E470D004C006B /* StoreKit.framework in Frameworks */,
				FD0C8518193E4705004C006B /* Security.framework in Frameworks */,
				FD0C8516193E46FD004C006B /* QuartzCore.framework in Frameworks */,
				FD0C8514193E46F5004C006B /* MobileCoreServices.framework in Frameworks */,
				FD0C8512193E46EA004C006B /* libz.dylib in Frameworks */,
				FD0C8510193E46E1004C006B /* CoreLocation.framework in Frameworks */,
				A440A18D1937F33900D7CC0D /* CoreGraphics.framework in Frameworks */,
				FD0C850E193E46D1004C006B /* CFNetwork.framework in Frameworks */,
				FD0C850C193E46CB004C006B /* AudioToolbox.framework in Frameworks */,
				FD0C851E193E4787004C006B /* Parse.framework in Frameworks */,
				A440A18F1937F33900D7CC0D /* UIKit.framework in Frameworks */,
				FD0C8529193E5B9F004C006B /* FacebookSDK.framework in Frameworks */,
				A440A18B1937F33900D7CC0D /* Foundation.framework in Frameworks */,
				E66A90BE8A0D47ACB6621D37 /* libPods.a in Frameworks */,
			);
			runOnlyForDeploymentPostprocessing = 0;
		};
		A440A19F1937F33900D7CC0D /* Frameworks */ = {
			isa = PBXFrameworksBuildPhase;
			buildActionMask = 2147483647;
			files = (
				A440A1A41937F33900D7CC0D /* XCTest.framework in Frameworks */,
				A440A1A61937F33900D7CC0D /* UIKit.framework in Frameworks */,
				A440A1A51937F33900D7CC0D /* Foundation.framework in Frameworks */,
			);
			runOnlyForDeploymentPostprocessing = 0;
		};
/* End PBXFrameworksBuildPhase section */

/* Begin PBXGroup section */
		A403F3A819393D670039750B /* ViewControllers */ = {
			isa = PBXGroup;
			children = (
				FDE162AA19715E8B00E9FD8F /* Welcome */,
				A403F3AA19393DD50039750B /* Base */,
				A403F3A919393D750039750B /* Signup */,
				FD11906B1946549E005A1AE1 /* Flock */,
				FD11906F19465594005A1AE1 /* Mentors */,
				FD1190A119487BBB005A1AE1 /* Encouragement */,
				FD1190A219487BC5005A1AE1 /* More */,
			);
			path = ViewControllers;
			sourceTree = "<group>";
		};
		A403F3A919393D750039750B /* Signup */ = {
			isa = PBXGroup;
			children = (
				A403F3B119393E3A0039750B /* CEIRoleSelectViewController.h */,
				A403F3B219393E3A0039750B /* CEIRoleSelectViewController.m */,
				FD0C8531193F5A6E004C006B /* MentorSignup */,
				A403F3B719393E980039750B /* FollowerSignup */,
				FDC8D2451955D54300B60BEF /* CEILoginViewController.h */,
				FDC8D2461955D54300B60BEF /* CEILoginViewController.m */,
				FDD65EA819719A9500DAC841 /* CEIPhonePrefixPickerViewController.h */,
				FDD65EA919719A9500DAC841 /* CEIPhonePrefixPickerViewController.m */,
			);
			path = Signup;
			sourceTree = "<group>";
		};
		A403F3AA19393DD50039750B /* Base */ = {
			isa = PBXGroup;
			children = (
				A403F3AB19393DE60039750B /* CEIBaseViewController.h */,
				A403F3AC19393DE60039750B /* CEIBaseViewController.m */,
				A403F3AE19393DFA0039750B /* CEINavigationController.h */,
				A403F3AF19393DFA0039750B /* CEINavigationController.m */,
				A403F3CA193948F90039750B /* CEIRootViewController.h */,
				A403F3CB193948F90039750B /* CEIRootViewController.m */,
			);
			path = Base;
			sourceTree = "<group>";
		};
		A403F3B719393E980039750B /* FollowerSignup */ = {
			isa = PBXGroup;
			children = (
				A403F3C2193947E00039750B /* CEISignupViewController.h */,
				A403F3C3193947E00039750B /* CEISignupViewController.m */,
				A403F3B819393EAB0039750B /* CEIFindMentorViewController.h */,
				A403F3B919393EAB0039750B /* CEIFindMentorViewController.m */,
				A403F3BB19393EC70039750B /* CEIMentorFoundViewController.h */,
				A403F3BC19393EC70039750B /* CEIMentorFoundViewController.m */,
			);
			path = FollowerSignup;
			sourceTree = "<group>";
		};
		A440A17E1937F33900D7CC0D = {
			isa = PBXGroup;
			children = (
				FD1190A919488FA0005A1AE1 /* Build */,
				A440A1901937F33900D7CC0D /* ReachOut */,
				A440A1A91937F33900D7CC0D /* ReachOutTests */,
				A440A1891937F33900D7CC0D /* Frameworks */,
				A440A1881937F33900D7CC0D /* Products */,
				3CF810CB89BA4BC99C77774C /* Pods.xcconfig */,
			);
			sourceTree = "<group>";
		};
		A440A1881937F33900D7CC0D /* Products */ = {
			isa = PBXGroup;
			children = (
				A440A1871937F33900D7CC0D /* ReachOut.app */,
				A440A1A21937F33900D7CC0D /* ReachOutTests.xctest */,
			);
			name = Products;
			sourceTree = "<group>";
		};
		A440A1891937F33900D7CC0D /* Frameworks */ = {
			isa = PBXGroup;
			children = (
				FD0C852E193E5C84004C006B /* Accounts.framework */,
				FD0C852C193E5C7B004C006B /* Social.framework */,
				FD0C852A193E5C6E004C006B /* Twitter.framework */,
				FD0C851F193E4BB4004C006B /* Accelerate.framework */,
				FD0C851B193E4714004C006B /* SystemConfiguration.framework */,
				FD0C8519193E470D004C006B /* StoreKit.framework */,
				FD0C8517193E4705004C006B /* Security.framework */,
				FD0C8515193E46FD004C006B /* QuartzCore.framework */,
				FD0C8513193E46F5004C006B /* MobileCoreServices.framework */,
				FD0C8511193E46EA004C006B /* libz.dylib */,
				FD0C850F193E46E1004C006B /* CoreLocation.framework */,
				FD0C850D193E46D1004C006B /* CFNetwork.framework */,
				FD0C850B193E46CB004C006B /* AudioToolbox.framework */,
				A440A18A1937F33900D7CC0D /* Foundation.framework */,
				A440A18C1937F33900D7CC0D /* CoreGraphics.framework */,
				A440A18E1937F33900D7CC0D /* UIKit.framework */,
				A440A1A31937F33900D7CC0D /* XCTest.framework */,
				224F1343C32B4C2496EC140A /* libPods.a */,
			);
			name = Frameworks;
			sourceTree = "<group>";
		};
		A440A1901937F33900D7CC0D /* ReachOut */ = {
			isa = PBXGroup;
			children = (
				FD2E9AD5195731EF005B074A /* Assets */,
				FD0C850A193E0A49004C006B /* External */,
				A45E4B861938008E008D7EA6 /* Storyboards */,
				A45E4B8519380069008D7EA6 /* Code */,
				A440A1991937F33900D7CC0D /* CEIAppDelegate.h */,
				A440A19A1937F33900D7CC0D /* CEIAppDelegate.m */,
				A440A19C1937F33900D7CC0D /* Images.xcassets */,
				A440A1911937F33900D7CC0D /* Supporting Files */,
			);
			path = ReachOut;
			sourceTree = "<group>";
		};
		A440A1911937F33900D7CC0D /* Supporting Files */ = {
			isa = PBXGroup;
			children = (
				A440A1921937F33900D7CC0D /* ReachOut-Info.plist */,
				A440A1931937F33900D7CC0D /* InfoPlist.strings */,
				A440A1961937F33900D7CC0D /* main.m */,
				A440A1981937F33900D7CC0D /* ReachOut-Prefix.pch */,
			);
			name = "Supporting Files";
			sourceTree = "<group>";
		};
		A440A1A91937F33900D7CC0D /* ReachOutTests */ = {
			isa = PBXGroup;
			children = (
				A440A1AF1937F33900D7CC0D /* ReachOutTests.m */,
				A440A1AA1937F33900D7CC0D /* Supporting Files */,
			);
			path = ReachOutTests;
			sourceTree = "<group>";
		};
		A440A1AA1937F33900D7CC0D /* Supporting Files */ = {
			isa = PBXGroup;
			children = (
				A440A1AB1937F33900D7CC0D /* ReachOutTests-Info.plist */,
				A440A1AC1937F33900D7CC0D /* InfoPlist.strings */,
			);
			name = "Supporting Files";
			sourceTree = "<group>";
		};
		A45E4B8519380069008D7EA6 /* Code */ = {
			isa = PBXGroup;
			children = (
				A45E4B87193800A6008D7EA6 /* MainStoryboard_iPhone.storyboard */,
				FD0C8535193F651C004C006B /* Model */,
				A4CAB087193A2B2A00CC7B12 /* Categories */,
				A4CAB083193A29CC00CC7B12 /* Views */,
				A403F3A819393D670039750B /* ViewControllers */,
				A45E4B89193800C1008D7EA6 /* Handies */,
			);
			path = Code;
			sourceTree = "<group>";
		};
		A45E4B861938008E008D7EA6 /* Storyboards */ = {
			isa = PBXGroup;
			children = (
			);
			path = Storyboards;
			sourceTree = "<group>";
		};
		A45E4B89193800C1008D7EA6 /* Handies */ = {
			isa = PBXGroup;
			children = (
				A45E4B8A193800CC008D7EA6 /* CEIHandies.h */,
				A45E4B8B193800CC008D7EA6 /* CEIHandies.m */,
			);
			path = Handies;
			sourceTree = "<group>";
		};
		A4CAB083193A29CC00CC7B12 /* Views */ = {
			isa = PBXGroup;
			children = (
				FD0C8521193E4F66004C006B /* CEICodeVerificationView.h */,
				FD0C8522193E4F66004C006B /* CEICodeVerificationView.m */,
				FD0C8524193E5207004C006B /* CEICodeVerificationView.xib */,
				FD11906619420D80005A1AE1 /* CEIAlertView.h */,
				FD11906719420D80005A1AE1 /* CEIAlertView.m */,
				FD1190AC194896C5005A1AE1 /* CEIMentorCell.h */,
				FD1190AD194896C5005A1AE1 /* CEIMentorCell.m */,
				FD1190BE1948F4E8005A1AE1 /* CEIDoubleDisclosureCell.h */,
				FD1190BF1948F4E8005A1AE1 /* CEIDoubleDisclosureCell.m */,
				FD1190BB19489A99005A1AE1 /* CEIUserPortraitView.h */,
				FD1190BC19489A99005A1AE1 /* CEIUserPortraitView.m */,
				FDC8D24B1956007000B60BEF /* CEIProfileBarButtonItem.h */,
				FDC8D24C1956007000B60BEF /* CEIProfileBarButtonItem.m */,
				FDC8D2581956EF9F00B60BEF /* CEIEncouragementTableViewCell.h */,
				FDC8D2591956EF9F00B60BEF /* CEIEncouragementTableViewCell.m */,
				FD2E9AE119575E49005B074A /* CEIDailyChoresView.h */,
				FD2E9AE219575E49005B074A /* CEIDailyChoresView.m */,
				FDE1626B196BFDD500E9FD8F /* CEIDailyChoresWeekView.h */,
				FDE1626C196BFDD500E9FD8F /* CEIDailyChoresWeekView.m */,
				FD2E9AE719577E76005B074A /* CEIGoalTableViewCell.h */,
				FD2E9AE819577E76005B074A /* CEIGoalTableViewCell.m */,
				FDE1626E196C35B700E9FD8F /* CEIGoalStepViewCheckin.h */,
				FDE1626F196C35B700E9FD8F /* CEIGoalStepViewCheckin.m */,
				FDE16274196C35EF00E9FD8F /* CEIGoalStepViewCheckin.xib */,
				FDE16271196C35D300E9FD8F /* CEIGoalStepViewCheckup.h */,
				FDE16272196C35D300E9FD8F /* CEIGoalStepViewCheckup.m */,
				FDE16276196C35FC00E9FD8F /* CEIGoalStepViewCheckup.xib */,
				FDD65EAB1972AA4200DAC841 /* CEITextField.h */,
				FDD65EAC1972AA4200DAC841 /* CEITextField.m */,
			);
			name = Views;
			path = View;
			sourceTree = "<group>";
		};
		A4CAB087193A2B2A00CC7B12 /* Categories */ = {
			isa = PBXGroup;
			children = (
				A4CAB088193A2BAD00CC7B12 /* UIView+NibLoading.h */,
				A4CAB089193A2BAD00CC7B12 /* UIView+NibLoading.m */,
				A4CAB08D193B4C3D00CC7B12 /* UIView+FirstResponder.h */,
				A4CAB08E193B4C3D00CC7B12 /* UIView+FirstResponder.m */,
				FD1190C11949EDEF005A1AE1 /* NSDate+Difference.h */,
				FD1190C21949EDEF005A1AE1 /* NSDate+Difference.m */,
			);
			path = Categories;
			sourceTree = "<group>";
		};
		FD0C850A193E0A49004C006B /* External */ = {
			isa = PBXGroup;
			children = (
				FD0C8528193E5B9F004C006B /* FacebookSDK.framework */,
				FD0C851D193E4787004C006B /* Parse.framework */,
			);
			path = External;
			sourceTree = "<group>";
		};
		FD0C8531193F5A6E004C006B /* MentorSignup */ = {
			isa = PBXGroup;
			children = (
				FD0C8532193F5A7B004C006B /* CEIMentorSignupViewController.h */,
				FD0C8533193F5A7B004C006B /* CEIMentorSignupViewController.m */,
			);
			path = MentorSignup;
			sourceTree = "<group>";
		};
		FD0C8535193F651C004C006B /* Model */ = {
			isa = PBXGroup;
			children = (
				FD119061194202F1005A1AE1 /* CEISession.h */,
				FD119062194202F1005A1AE1 /* CEISession.m */,
				FDC8D2481955F79800B60BEF /* CEINotificationNames.h */,
				FDC8D2491955F79800B60BEF /* CEINotificationNames.m */,
				FD2E9AE4195775F6005B074A /* CEIColor.h */,
				FD2E9AE5195775F6005B074A /* CEIColor.m */,
				FD5833CD1960A9FD008782D8 /* CEIDay.h */,
				FD5833CE1960A9FD008782D8 /* CEIDay.m */,
			);
			path = Model;
			sourceTree = "<group>";
		};
		FD11906B1946549E005A1AE1 /* Flock */ = {
			isa = PBXGroup;
			children = (
				FD11906C19465578005A1AE1 /* CEIFlockViewController.h */,
				FD11906D19465578005A1AE1 /* CEIFlockViewController.m */,
				FD1190B2194899C2005A1AE1 /* CEIMissionsViewController.h */,
				FD1190B3194899C2005A1AE1 /* CEIMissionsViewController.m */,
				FD1190B5194899D8005A1AE1 /* CEIMissionViewController.h */,
				FD1190B6194899D8005A1AE1 /* CEIMissionViewController.m */,
			);
			path = Flock;
			sourceTree = "<group>";
		};
		FD11906F19465594005A1AE1 /* Mentors */ = {
			isa = PBXGroup;
			children = (
				FD1190701946559F005A1AE1 /* CEIMentorsViewController.h */,
				FD1190711946559F005A1AE1 /* CEIMentorsViewController.m */,
				FDA5DA9B1965A10B005394BC /* CEIAddMentorViewController.h */,
				FDA5DA9C1965A10B005394BC /* CEIAddMentorViewController.m */,
				FDA5DA9E1965A3F5005394BC /* CEIAddMentorFoundViewController.h */,
				FDA5DA9F1965A3F5005394BC /* CEIAddMentorFoundViewController.m */,
			);
			path = Mentors;
			sourceTree = "<group>";
		};
		FD1190A119487BBB005A1AE1 /* Encouragement */ = {
			isa = PBXGroup;
			children = (
				FD1190A619487C03005A1AE1 /* CEIEncouragementViewController.h */,
				FD1190A719487C03005A1AE1 /* CEIEncouragementViewController.m */,
				FDC8D2551956E67D00B60BEF /* CEIAddEncouragementViewController.h */,
				FDC8D2561956E67D00B60BEF /* CEIAddEncouragementViewController.m */,
			);
			path = Encouragement;
			sourceTree = "<group>";
		};
		FD1190A219487BC5005A1AE1 /* More */ = {
			isa = PBXGroup;
			children = (
				FD1190A319487BD4005A1AE1 /* CEIMoreViewController.h */,
				FD1190A419487BD4005A1AE1 /* CEIMoreViewController.m */,
				FD2E9ADE19573BCC005B074A /* CEIWebViewViewController.h */,
				FD2E9ADF19573BCC005B074A /* CEIWebViewViewController.m */,
				FD2E9AF31958C4C4005B074A /* CEIAllMissionsViewController.h */,
				FD2E9AF41958C4C4005B074A /* CEIAllMissionsViewController.m */,
				FD2E9AF91959B7FD005B074A /* CEIAddMissionViewController.h */,
				FD2E9AFA1959B7FD005B074A /* CEIAddMissionViewController.m */,
				FD5833D01960BAC6008782D8 /* CEIAddGoalViewController.h */,
				FD5833D11960BAC6008782D8 /* CEIAddGoalViewController.m */,
				FD2E9AF61958C5BA005B074A /* CEIAddFlockToMissionViewController.h */,
				FD2E9AF71958C5BA005B074A /* CEIAddFlockToMissionViewController.m */,
			);
			path = More;
			sourceTree = "<group>";
		};
		FD1190A919488FA0005A1AE1 /* Build */ = {
			isa = PBXGroup;
			children = (
				FD1190AA19488FBD005A1AE1 /* podfile */,
			);
			path = Build;
			sourceTree = "<group>";
		};
		FD2E9AD5195731EF005B074A /* Assets */ = {
			isa = PBXGroup;
			children = (
				FD2E9ADC1957371C005B074A /* sheepPhoto.png */,
				FD2E9AD7195731F7005B074A /* run@2x.gif */,
			);
			path = Assets;
			sourceTree = "<group>";
		};
		FDE162AA19715E8B00E9FD8F /* Welcome */ = {
			isa = PBXGroup;
			children = (
				FDE162AB19715EB600E9FD8F /* CEIMottoViewController.h */,
				FDE162AC19715EB600E9FD8F /* CEIMottoViewController.m */,
			);
			path = Welcome;
			sourceTree = "<group>";
		};
/* End PBXGroup section */

/* Begin PBXNativeTarget section */
		A440A1861937F33900D7CC0D /* ReachOut */ = {
			isa = PBXNativeTarget;
			buildConfigurationList = A440A1B31937F33900D7CC0D /* Build configuration list for PBXNativeTarget "ReachOut" */;
			buildPhases = (
				36CFC376612D4825B2BE08EE /* Check Pods Manifest.lock */,
				A440A1831937F33900D7CC0D /* Sources */,
				A440A1841937F33900D7CC0D /* Frameworks */,
				A440A1851937F33900D7CC0D /* Resources */,
				F9FE4D2446A3499398363278 /* Copy Pods Resources */,
			);
			buildRules = (
			);
			dependencies = (
			);
			name = ReachOut;
			productName = ReachOut;
			productReference = A440A1871937F33900D7CC0D /* ReachOut.app */;
			productType = "com.apple.product-type.application";
		};
		A440A1A11937F33900D7CC0D /* ReachOutTests */ = {
			isa = PBXNativeTarget;
			buildConfigurationList = A440A1B61937F33900D7CC0D /* Build configuration list for PBXNativeTarget "ReachOutTests" */;
			buildPhases = (
				A440A19E1937F33900D7CC0D /* Sources */,
				A440A19F1937F33900D7CC0D /* Frameworks */,
				A440A1A01937F33900D7CC0D /* Resources */,
			);
			buildRules = (
			);
			dependencies = (
				A440A1A81937F33900D7CC0D /* PBXTargetDependency */,
			);
			name = ReachOutTests;
			productName = ReachOutTests;
			productReference = A440A1A21937F33900D7CC0D /* ReachOutTests.xctest */;
			productType = "com.apple.product-type.bundle.unit-test";
		};
/* End PBXNativeTarget section */

/* Begin PBXProject section */
		A440A17F1937F33900D7CC0D /* Project object */ = {
			isa = PBXProject;
			attributes = {
				CLASSPREFIX = CEI;
				LastUpgradeCheck = 0510;
				ORGANIZATIONNAME = CEIGON;
				TargetAttributes = {
					A440A1A11937F33900D7CC0D = {
						TestTargetID = A440A1861937F33900D7CC0D;
					};
				};
			};
			buildConfigurationList = A440A1821937F33900D7CC0D /* Build configuration list for PBXProject "ReachOut" */;
			compatibilityVersion = "Xcode 3.2";
			developmentRegion = English;
			hasScannedForEncodings = 0;
			knownRegions = (
				en,
			);
			mainGroup = A440A17E1937F33900D7CC0D;
			productRefGroup = A440A1881937F33900D7CC0D /* Products */;
			projectDirPath = "";
			projectRoot = "";
			targets = (
				A440A1861937F33900D7CC0D /* ReachOut */,
				A440A1A11937F33900D7CC0D /* ReachOutTests */,
			);
		};
/* End PBXProject section */

/* Begin PBXResourcesBuildPhase section */
		A440A1851937F33900D7CC0D /* Resources */ = {
			isa = PBXResourcesBuildPhase;
			buildActionMask = 2147483647;
			files = (
				FD0C8525193E5207004C006B /* CEICodeVerificationView.xib in Resources */,
				A45E4B88193800A6008D7EA6 /* MainStoryboard_iPhone.storyboard in Resources */,
				FD1190AB19488FBE005A1AE1 /* podfile in Resources */,
				FDE16275196C35EF00E9FD8F /* CEIGoalStepViewCheckin.xib in Resources */,
				FD2E9ADD1957371C005B074A /* sheepPhoto.png in Resources */,
				FD2E9AD9195731F7005B074A /* run@2x.gif in Resources */,
				FDE16277196C35FC00E9FD8F /* CEIGoalStepViewCheckup.xib in Resources */,
				A440A1951937F33900D7CC0D /* InfoPlist.strings in Resources */,
				A440A19D1937F33900D7CC0D /* Images.xcassets in Resources */,
			);
			runOnlyForDeploymentPostprocessing = 0;
		};
		A440A1A01937F33900D7CC0D /* Resources */ = {
			isa = PBXResourcesBuildPhase;
			buildActionMask = 2147483647;
			files = (
				A440A1AE1937F33900D7CC0D /* InfoPlist.strings in Resources */,
			);
			runOnlyForDeploymentPostprocessing = 0;
		};
/* End PBXResourcesBuildPhase section */

/* Begin PBXShellScriptBuildPhase section */
		36CFC376612D4825B2BE08EE /* Check Pods Manifest.lock */ = {
			isa = PBXShellScriptBuildPhase;
			buildActionMask = 2147483647;
			files = (
			);
			inputPaths = (
			);
			name = "Check Pods Manifest.lock";
			outputPaths = (
			);
			runOnlyForDeploymentPostprocessing = 0;
			shellPath = /bin/sh;
			shellScript = "diff \"${PODS_ROOT}/../Podfile.lock\" \"${PODS_ROOT}/Manifest.lock\" > /dev/null\nif [[ $? != 0 ]] ; then\n    cat << EOM\nerror: The sandbox is not in sync with the Podfile.lock. Run 'pod install' or update your CocoaPods installation.\nEOM\n    exit 1\nfi\n";
			showEnvVarsInLog = 0;
		};
		F9FE4D2446A3499398363278 /* Copy Pods Resources */ = {
			isa = PBXShellScriptBuildPhase;
			buildActionMask = 2147483647;
			files = (
			);
			inputPaths = (
			);
			name = "Copy Pods Resources";
			outputPaths = (
			);
			runOnlyForDeploymentPostprocessing = 0;
			shellPath = /bin/sh;
			shellScript = "\"${SRCROOT}/Pods/Pods-resources.sh\"\n";
			showEnvVarsInLog = 0;
		};
/* End PBXShellScriptBuildPhase section */

/* Begin PBXSourcesBuildPhase section */
		A440A1831937F33900D7CC0D /* Sources */ = {
			isa = PBXSourcesBuildPhase;
			buildActionMask = 2147483647;
			files = (
				FD2E9AE919577E76005B074A /* CEIGoalTableViewCell.m in Sources */,
				FD1190A819487C03005A1AE1 /* CEIEncouragementViewController.m in Sources */,
				FD1190B4194899C2005A1AE1 /* CEIMissionsViewController.m in Sources */,
				FDC8D24D1956007000B60BEF /* CEIProfileBarButtonItem.m in Sources */,
				FD1190BD19489A99005A1AE1 /* CEIUserPortraitView.m in Sources */,
				FDC8D2571956E67D00B60BEF /* CEIAddEncouragementViewController.m in Sources */,
				FD1190A519487BD4005A1AE1 /* CEIMoreViewController.m in Sources */,
				A4CAB08A193A2BAD00CC7B12 /* UIView+NibLoading.m in Sources */,
				FDC8D24A1955F79800B60BEF /* CEINotificationNames.m in Sources */,
				FD1190AE194896C5005A1AE1 /* CEIMentorCell.m in Sources */,
				FD0C8534193F5A7B004C006B /* CEIMentorSignupViewController.m in Sources */,
				FDE16270196C35B700E9FD8F /* CEIGoalStepViewCheckin.m in Sources */,
				A45E4B8C193800CC008D7EA6 /* CEIHandies.m in Sources */,
				FDA5DAA01965A3F5005394BC /* CEIAddMentorFoundViewController.m in Sources */,
				FD2E9AF51958C4C4005B074A /* CEIAllMissionsViewController.m in Sources */,
				FDC8D2471955D54300B60BEF /* CEILoginViewController.m in Sources */,
				FD5833D21960BAC6008782D8 /* CEIAddGoalViewController.m in Sources */,
				A440A1971937F33900D7CC0D /* main.m in Sources */,
				A403F3AD19393DE60039750B /* CEIBaseViewController.m in Sources */,
				FDD65EAD1972AA4200DAC841 /* CEITextField.m in Sources */,
				A440A19B1937F33900D7CC0D /* CEIAppDelegate.m in Sources */,
				A4CAB08F193B4C3D00CC7B12 /* UIView+FirstResponder.m in Sources */,
				A403F3B019393DFA0039750B /* CEINavigationController.m in Sources */,
				FD2E9AF81958C5BA005B074A /* CEIAddFlockToMissionViewController.m in Sources */,
				A403F3C4193947E00039750B /* CEISignupViewController.m in Sources */,
				A403F3CC193948F90039750B /* CEIRootViewController.m in Sources */,
				FD1190B7194899D8005A1AE1 /* CEIMissionViewController.m in Sources */,
				FD2E9AE6195775F6005B074A /* CEIColor.m in Sources */,
				FD0C8523193E4F66004C006B /* CEICodeVerificationView.m in Sources */,
				FD5833CF1960A9FD008782D8 /* CEIDay.m in Sources */,
				FD2E9AE319575E49005B074A /* CEIDailyChoresView.m in Sources */,
				FD1190C31949EDEF005A1AE1 /* NSDate+Difference.m in Sources */,
				FD119063194202F1005A1AE1 /* CEISession.m in Sources */,
				A403F3B319393E3A0039750B /* CEIRoleSelectViewController.m in Sources */,
				FD1190721946559F005A1AE1 /* CEIMentorsViewController.m in Sources */,
				FDE16273196C35D300E9FD8F /* CEIGoalStepViewCheckup.m in Sources */,
				FD11906819420D80005A1AE1 /* CEIAlertView.m in Sources */,
				FD2E9AFB1959B7FD005B074A /* CEIAddMissionViewController.m in Sources */,
				FDE1626D196BFDD500E9FD8F /* CEIDailyChoresWeekView.m in Sources */,
				FDD65EAA19719A9500DAC841 /* CEIPhonePrefixPickerViewController.m in Sources */,
				FDE162AD19715EB600E9FD8F /* CEIMottoViewController.m in Sources */,
				FD11906E19465578005A1AE1 /* CEIFlockViewController.m in Sources */,
				FDA5DA9D1965A10B005394BC /* CEIAddMentorViewController.m in Sources */,
				A403F3BA19393EAB0039750B /* CEIFindMentorViewController.m in Sources */,
				FDC8D25A1956EF9F00B60BEF /* CEIEncouragementTableViewCell.m in Sources */,
				A403F3BD19393EC70039750B /* CEIMentorFoundViewController.m in Sources */,
				FD2E9AE019573BCC005B074A /* CEIWebViewViewController.m in Sources */,
				FD1190C01948F4E8005A1AE1 /* CEIDoubleDisclosureCell.m in Sources */,
			);
			runOnlyForDeploymentPostprocessing = 0;
		};
		A440A19E1937F33900D7CC0D /* Sources */ = {
			isa = PBXSourcesBuildPhase;
			buildActionMask = 2147483647;
			files = (
				A440A1B01937F33900D7CC0D /* ReachOutTests.m in Sources */,
			);
			runOnlyForDeploymentPostprocessing = 0;
		};
/* End PBXSourcesBuildPhase section */

/* Begin PBXTargetDependency section */
		A440A1A81937F33900D7CC0D /* PBXTargetDependency */ = {
			isa = PBXTargetDependency;
			target = A440A1861937F33900D7CC0D /* ReachOut */;
			targetProxy = A440A1A71937F33900D7CC0D /* PBXContainerItemProxy */;
		};
/* End PBXTargetDependency section */

/* Begin PBXVariantGroup section */
		A440A1931937F33900D7CC0D /* InfoPlist.strings */ = {
			isa = PBXVariantGroup;
			children = (
				A440A1941937F33900D7CC0D /* en */,
			);
			name = InfoPlist.strings;
			sourceTree = "<group>";
		};
		A440A1AC1937F33900D7CC0D /* InfoPlist.strings */ = {
			isa = PBXVariantGroup;
			children = (
				A440A1AD1937F33900D7CC0D /* en */,
			);
			name = InfoPlist.strings;
			sourceTree = "<group>";
		};
/* End PBXVariantGroup section */

/* Begin XCBuildConfiguration section */
		A440A1B11937F33900D7CC0D /* Debug */ = {
			isa = XCBuildConfiguration;
			buildSettings = {
				ALWAYS_SEARCH_USER_PATHS = NO;
				CLANG_CXX_LANGUAGE_STANDARD = "gnu++0x";
				CLANG_CXX_LIBRARY = "libc++";
				CLANG_ENABLE_MODULES = YES;
				CLANG_ENABLE_OBJC_ARC = YES;
				CLANG_WARN_BOOL_CONVERSION = YES;
				CLANG_WARN_CONSTANT_CONVERSION = YES;
				CLANG_WARN_DIRECT_OBJC_ISA_USAGE = YES_ERROR;
				CLANG_WARN_EMPTY_BODY = YES;
				CLANG_WARN_ENUM_CONVERSION = YES;
				CLANG_WARN_INT_CONVERSION = YES;
				CLANG_WARN_OBJC_ROOT_CLASS = YES_ERROR;
				CLANG_WARN__DUPLICATE_METHOD_MATCH = YES;
				"CODE_SIGN_IDENTITY[sdk=iphoneos*]" = "iPhone Developer";
				COPY_PHASE_STRIP = NO;
				GCC_C_LANGUAGE_STANDARD = gnu99;
				GCC_DYNAMIC_NO_PIC = NO;
				GCC_OPTIMIZATION_LEVEL = 0;
				GCC_PREPROCESSOR_DEFINITIONS = (
					"DEBUG=1",
					"$(inherited)",
				);
				GCC_SYMBOLS_PRIVATE_EXTERN = NO;
				GCC_WARN_64_TO_32_BIT_CONVERSION = YES;
				GCC_WARN_ABOUT_RETURN_TYPE = YES_ERROR;
				GCC_WARN_UNDECLARED_SELECTOR = YES;
				GCC_WARN_UNINITIALIZED_AUTOS = YES_AGGRESSIVE;
				GCC_WARN_UNUSED_FUNCTION = YES;
				GCC_WARN_UNUSED_VARIABLE = YES;
				IPHONEOS_DEPLOYMENT_TARGET = 7.1;
				ONLY_ACTIVE_ARCH = YES;
				SDKROOT = iphoneos;
			};
			name = Debug;
		};
		A440A1B21937F33900D7CC0D /* Release */ = {
			isa = XCBuildConfiguration;
			buildSettings = {
				ALWAYS_SEARCH_USER_PATHS = NO;
				CLANG_CXX_LANGUAGE_STANDARD = "gnu++0x";
				CLANG_CXX_LIBRARY = "libc++";
				CLANG_ENABLE_MODULES = YES;
				CLANG_ENABLE_OBJC_ARC = YES;
				CLANG_WARN_BOOL_CONVERSION = YES;
				CLANG_WARN_CONSTANT_CONVERSION = YES;
				CLANG_WARN_DIRECT_OBJC_ISA_USAGE = YES_ERROR;
				CLANG_WARN_EMPTY_BODY = YES;
				CLANG_WARN_ENUM_CONVERSION = YES;
				CLANG_WARN_INT_CONVERSION = YES;
				CLANG_WARN_OBJC_ROOT_CLASS = YES_ERROR;
				CLANG_WARN__DUPLICATE_METHOD_MATCH = YES;
				"CODE_SIGN_IDENTITY[sdk=iphoneos*]" = "iPhone Developer";
				COPY_PHASE_STRIP = YES;
				ENABLE_NS_ASSERTIONS = NO;
				GCC_C_LANGUAGE_STANDARD = gnu99;
				GCC_WARN_64_TO_32_BIT_CONVERSION = YES;
				GCC_WARN_ABOUT_RETURN_TYPE = YES_ERROR;
				GCC_WARN_UNDECLARED_SELECTOR = YES;
				GCC_WARN_UNINITIALIZED_AUTOS = YES_AGGRESSIVE;
				GCC_WARN_UNUSED_FUNCTION = YES;
				GCC_WARN_UNUSED_VARIABLE = YES;
				IPHONEOS_DEPLOYMENT_TARGET = 7.1;
				SDKROOT = iphoneos;
				VALIDATE_PRODUCT = YES;
			};
			name = Release;
		};
		A440A1B41937F33900D7CC0D /* Debug */ = {
			isa = XCBuildConfiguration;
			baseConfigurationReference = 3CF810CB89BA4BC99C77774C /* Pods.xcconfig */;
			buildSettings = {
				ASSETCATALOG_COMPILER_APPICON_NAME = AppIcon;
				ASSETCATALOG_COMPILER_LAUNCHIMAGE_NAME = LaunchImage;
				CODE_SIGN_IDENTITY = "iPhone Developer: Pawel Majchrzak (397UFFU928)";
				"CODE_SIGN_IDENTITY[sdk=iphoneos*]" = "iPhone Developer: Pawel Majchrzak (397UFFU928)";
				FRAMEWORK_SEARCH_PATHS = (
					"$(inherited)",
					"$(PROJECT_DIR)/ReachOut/External",
					/Users/piotr.nietrzebka/Documents/FacebookSDK,
				);
				GCC_PRECOMPILE_PREFIX_HEADER = YES;
				GCC_PREFIX_HEADER = "ReachOut/ReachOut-Prefix.pch";
				INFOPLIST_FILE = "ReachOut/ReachOut-Info.plist";
				IPHONEOS_DEPLOYMENT_TARGET = 7.0;
				LIBRARY_SEARCH_PATHS = (
					"$(inherited)",
					"/Users/piotr.nietrzebka/Desktop/TwilioClient-1.1.4-e51f041/Libraries",
					"$(PROJECT_DIR)/ReachOut/External",
				);
				PRODUCT_NAME = "$(TARGET_NAME)";
				PROVISIONING_PROFILE = "ABC7EA78-0BF8-45FB-A1FC-380483624939";
				WRAPPER_EXTENSION = app;
			};
			name = Debug;
		};
		A440A1B51937F33900D7CC0D /* Release */ = {
			isa = XCBuildConfiguration;
			baseConfigurationReference = 3CF810CB89BA4BC99C77774C /* Pods.xcconfig */;
			buildSettings = {
				ASSETCATALOG_COMPILER_APPICON_NAME = AppIcon;
				ASSETCATALOG_COMPILER_LAUNCHIMAGE_NAME = LaunchImage;
				CODE_SIGN_IDENTITY = "iPhone Distribution: Pawel Majchrzak (UYP9NK522L)";
				"CODE_SIGN_IDENTITY[sdk=iphoneos*]" = "iPhone Distribution: Pawel Majchrzak (UYP9NK522L)";
				FRAMEWORK_SEARCH_PATHS = (
					"$(inherited)",
					"$(PROJECT_DIR)/ReachOut/External",
					/Users/piotr.nietrzebka/Documents/FacebookSDK,
				);
				GCC_PRECOMPILE_PREFIX_HEADER = YES;
				GCC_PREFIX_HEADER = "ReachOut/ReachOut-Prefix.pch";
				INFOPLIST_FILE = "ReachOut/ReachOut-Info.plist";
				IPHONEOS_DEPLOYMENT_TARGET = 7.0;
				LIBRARY_SEARCH_PATHS = (
					"$(inherited)",
					"/Users/piotr.nietrzebka/Desktop/TwilioClient-1.1.4-e51f041/Libraries",
					"$(PROJECT_DIR)/ReachOut/External",
				);
				PRODUCT_NAME = "$(TARGET_NAME)";
				PROVISIONING_PROFILE = "E152F955-BD58-419E-863D-9970B7062EC4";
				WRAPPER_EXTENSION = app;
			};
			name = Release;
		};
		A440A1B71937F33900D7CC0D /* Debug */ = {
			isa = XCBuildConfiguration;
			buildSettings = {
				BUNDLE_LOADER = "$(BUILT_PRODUCTS_DIR)/ReachOut.app/ReachOut";
				FRAMEWORK_SEARCH_PATHS = (
					"$(SDKROOT)/Developer/Library/Frameworks",
					"$(inherited)",
					"$(DEVELOPER_FRAMEWORKS_DIR)",
				);
				GCC_PRECOMPILE_PREFIX_HEADER = YES;
				GCC_PREFIX_HEADER = "ReachOut/ReachOut-Prefix.pch";
				GCC_PREPROCESSOR_DEFINITIONS = (
					"DEBUG=1",
					"$(inherited)",
				);
				INFOPLIST_FILE = "ReachOutTests/ReachOutTests-Info.plist";
				PRODUCT_NAME = "$(TARGET_NAME)";
				TEST_HOST = "$(BUNDLE_LOADER)";
				WRAPPER_EXTENSION = xctest;
			};
			name = Debug;
		};
		A440A1B81937F33900D7CC0D /* Release */ = {
			isa = XCBuildConfiguration;
			buildSettings = {
				BUNDLE_LOADER = "$(BUILT_PRODUCTS_DIR)/ReachOut.app/ReachOut";
				FRAMEWORK_SEARCH_PATHS = (
					"$(SDKROOT)/Developer/Library/Frameworks",
					"$(inherited)",
					"$(DEVELOPER_FRAMEWORKS_DIR)",
				);
				GCC_PRECOMPILE_PREFIX_HEADER = YES;
				GCC_PREFIX_HEADER = "ReachOut/ReachOut-Prefix.pch";
				INFOPLIST_FILE = "ReachOutTests/ReachOutTests-Info.plist";
				PRODUCT_NAME = "$(TARGET_NAME)";
				TEST_HOST = "$(BUNDLE_LOADER)";
				WRAPPER_EXTENSION = xctest;
			};
			name = Release;
		};
/* End XCBuildConfiguration section */

/* Begin XCConfigurationList section */
		A440A1821937F33900D7CC0D /* Build configuration list for PBXProject "ReachOut" */ = {
			isa = XCConfigurationList;
			buildConfigurations = (
				A440A1B11937F33900D7CC0D /* Debug */,
				A440A1B21937F33900D7CC0D /* Release */,
			);
			defaultConfigurationIsVisible = 0;
			defaultConfigurationName = Release;
		};
		A440A1B31937F33900D7CC0D /* Build configuration list for PBXNativeTarget "ReachOut" */ = {
			isa = XCConfigurationList;
			buildConfigurations = (
				A440A1B41937F33900D7CC0D /* Debug */,
				A440A1B51937F33900D7CC0D /* Release */,
			);
			defaultConfigurationIsVisible = 0;
			defaultConfigurationName = Release;
		};
		A440A1B61937F33900D7CC0D /* Build configuration list for PBXNativeTarget "ReachOutTests" */ = {
			isa = XCConfigurationList;
			buildConfigurations = (
				A440A1B71937F33900D7CC0D /* Debug */,
				A440A1B81937F33900D7CC0D /* Release */,
			);
			defaultConfigurationIsVisible = 0;
			defaultConfigurationName = Release;
		};
/* End XCConfigurationList section */
	};
	rootObject = A440A17F1937F33900D7CC0D /* Project object */;
}
