// !$*UTF8*$!
{
	archiveVersion = 1;
	classes = {
	};
	objectVersion = 46;
	objects = {

/* Begin PBXBuildFile section */
		A440A18B1937F33900D7CC0D /* Foundation.framework in Frameworks */ = {isa = PBXBuildFile; fileRef = A440A18A1937F33900D7CC0D /* Foundation.framework */; };
		A440A18D1937F33900D7CC0D /* CoreGraphics.framework in Frameworks */ = {isa = PBXBuildFile; fileRef = A440A18C1937F33900D7CC0D /* CoreGraphics.framework */; };
		A440A18F1937F33900D7CC0D /* UIKit.framework in Frameworks */ = {isa = PBXBuildFile; fileRef = A440A18E1937F33900D7CC0D /* UIKit.framework */; };
		A440A1951937F33900D7CC0D /* InfoPlist.strings in Resources */ = {isa = PBXBuildFile; fileRef = A440A1931937F33900D7CC0D /* InfoPlist.strings */; };
		A440A1971937F33900D7CC0D /* main.m in Sources */ = {isa = PBXBuildFile; fileRef = A440A1961937F33900D7CC0D /* main.m */; };
		A440A19B1937F33900D7CC0D /* FAWAppDelegate.m in Sources */ = {isa = PBXBuildFile; fileRef = A440A19A1937F33900D7CC0D /* FAWAppDelegate.m */; };
		A440A19D1937F33900D7CC0D /* Images.xcassets in Resources */ = {isa = PBXBuildFile; fileRef = A440A19C1937F33900D7CC0D /* Images.xcassets */; };
		A440A1A41937F33900D7CC0D /* XCTest.framework in Frameworks */ = {isa = PBXBuildFile; fileRef = A440A1A31937F33900D7CC0D /* XCTest.framework */; };
		A440A1A51937F33900D7CC0D /* Foundation.framework in Frameworks */ = {isa = PBXBuildFile; fileRef = A440A18A1937F33900D7CC0D /* Foundation.framework */; };
		A440A1A61937F33900D7CC0D /* UIKit.framework in Frameworks */ = {isa = PBXBuildFile; fileRef = A440A18E1937F33900D7CC0D /* UIKit.framework */; };
		A440A1AE1937F33900D7CC0D /* InfoPlist.strings in Resources */ = {isa = PBXBuildFile; fileRef = A440A1AC1937F33900D7CC0D /* InfoPlist.strings */; };
		A440A1B01937F33900D7CC0D /* ReachOutTests.m in Sources */ = {isa = PBXBuildFile; fileRef = A440A1AF1937F33900D7CC0D /* ReachOutTests.m */; };
/* End PBXBuildFile section */

/* Begin PBXContainerItemProxy section */
		A440A1A71937F33900D7CC0D /* PBXContainerItemProxy */ = {
			isa = PBXContainerItemProxy;
			containerPortal = A440A17F1937F33900D7CC0D /* Project object */;
			proxyType = 1;
			remoteGlobalIDString = A440A1861937F33900D7CC0D;
			remoteInfo = ReachOut;
		};
/* End PBXContainerItemProxy section */

/* Begin PBXFileReference section */
		A440A1871937F33900D7CC0D /* ReachOut.app */ = {isa = PBXFileReference; explicitFileType = wrapper.application; includeInIndex = 0; path = ReachOut.app; sourceTree = BUILT_PRODUCTS_DIR; };
		A440A18A1937F33900D7CC0D /* Foundation.framework */ = {isa = PBXFileReference; lastKnownFileType = wrapper.framework; name = Foundation.framework; path = System/Library/Frameworks/Foundation.framework; sourceTree = SDKROOT; };
		A440A18C1937F33900D7CC0D /* CoreGraphics.framework */ = {isa = PBXFileReference; lastKnownFileType = wrapper.framework; name = CoreGraphics.framework; path = System/Library/Frameworks/CoreGraphics.framework; sourceTree = SDKROOT; };
		A440A18E1937F33900D7CC0D /* UIKit.framework */ = {isa = PBXFileReference; lastKnownFileType = wrapper.framework; name = UIKit.framework; path = System/Library/Frameworks/UIKit.framework; sourceTree = SDKROOT; };
		A440A1921937F33900D7CC0D /* ReachOut-Info.plist */ = {isa = PBXFileReference; lastKnownFileType = text.plist.xml; path = "ReachOut-Info.plist"; sourceTree = "<group>"; };
		A440A1941937F33900D7CC0D /* en */ = {isa = PBXFileReference; lastKnownFileType = text.plist.strings; name = en; path = en.lproj/InfoPlist.strings; sourceTree = "<group>"; };
		A440A1961937F33900D7CC0D /* main.m */ = {isa = PBXFileReference; lastKnownFileType = sourcecode.c.objc; path = main.m; sourceTree = "<group>"; };
		A440A1981937F33900D7CC0D /* ReachOut-Prefix.pch */ = {isa = PBXFileReference; lastKnownFileType = sourcecode.c.h; path = "ReachOut-Prefix.pch"; sourceTree = "<group>"; };
		A440A1991937F33900D7CC0D /* FAWAppDelegate.h */ = {isa = PBXFileReference; lastKnownFileType = sourcecode.c.h; path = FAWAppDelegate.h; sourceTree = "<group>"; };
		A440A19A1937F33900D7CC0D /* FAWAppDelegate.m */ = {isa = PBXFileReference; lastKnownFileType = sourcecode.c.objc; path = FAWAppDelegate.m; sourceTree = "<group>"; };
		A440A19C1937F33900D7CC0D /* Images.xcassets */ = {isa = PBXFileReference; lastKnownFileType = folder.assetcatalog; path = Images.xcassets; sourceTree = "<group>"; };
		A440A1A21937F33900D7CC0D /* ReachOutTests.xctest */ = {isa = PBXFileReference; explicitFileType = wrapper.cfbundle; includeInIndex = 0; path = ReachOutTests.xctest; sourceTree = BUILT_PRODUCTS_DIR; };
		A440A1A31937F33900D7CC0D /* XCTest.framework */ = {isa = PBXFileReference; lastKnownFileType = wrapper.framework; name = XCTest.framework; path = Library/Frameworks/XCTest.framework; sourceTree = DEVELOPER_DIR; };
		A440A1AB1937F33900D7CC0D /* ReachOutTests-Info.plist */ = {isa = PBXFileReference; lastKnownFileType = text.plist.xml; path = "ReachOutTests-Info.plist"; sourceTree = "<group>"; };
		A440A1AD1937F33900D7CC0D /* en */ = {isa = PBXFileReference; lastKnownFileType = text.plist.strings; name = en; path = en.lproj/InfoPlist.strings; sourceTree = "<group>"; };
		A440A1AF1937F33900D7CC0D /* ReachOutTests.m */ = {isa = PBXFileReference; lastKnownFileType = sourcecode.c.objc; path = ReachOutTests.m; sourceTree = "<group>"; };
/* End PBXFileReference section */

/* Begin PBXFrameworksBuildPhase section */
		A440A1841937F33900D7CC0D /* Frameworks */ = {
			isa = PBXFrameworksBuildPhase;
			buildActionMask = 2147483647;
			files = (
				A440A18D1937F33900D7CC0D /* CoreGraphics.framework in Frameworks */,
				A440A18F1937F33900D7CC0D /* UIKit.framework in Frameworks */,
				A440A18B1937F33900D7CC0D /* Foundation.framework in Frameworks */,
			);
			runOnlyForDeploymentPostprocessing = 0;
		};
		A440A19F1937F33900D7CC0D /* Frameworks */ = {
			isa = PBXFrameworksBuildPhase;
			buildActionMask = 2147483647;
			files = (
				A440A1A41937F33900D7CC0D /* XCTest.framework in Frameworks */,
				A440A1A61937F33900D7CC0D /* UIKit.framework in Frameworks */,
				A440A1A51937F33900D7CC0D /* Foundation.framework in Frameworks */,
			);
			runOnlyForDeploymentPostprocessing = 0;
		};
/* End PBXFrameworksBuildPhase section */

/* Begin PBXGroup section */
		A440A17E1937F33900D7CC0D = {
			isa = PBXGroup;
			children = (
				A440A1901937F33900D7CC0D /* ReachOut */,
				A440A1A91937F33900D7CC0D /* ReachOutTests */,
				A440A1891937F33900D7CC0D /* Frameworks */,
				A440A1881937F33900D7CC0D /* Products */,
			);
			sourceTree = "<group>";
		};
		A440A1881937F33900D7CC0D /* Products */ = {
			isa = PBXGroup;
			children = (
				A440A1871937F33900D7CC0D /* ReachOut.app */,
				A440A1A21937F33900D7CC0D /* ReachOutTests.xctest */,
			);
			name = Products;
			sourceTree = "<group>";
		};
		A440A1891937F33900D7CC0D /* Frameworks */ = {
			isa = PBXGroup;
			children = (
				A440A18A1937F33900D7CC0D /* Foundation.framework */,
				A440A18C1937F33900D7CC0D /* CoreGraphics.framework */,
				A440A18E1937F33900D7CC0D /* UIKit.framework */,
				A440A1A31937F33900D7CC0D /* XCTest.framework */,
			);
			name = Frameworks;
			sourceTree = "<group>";
		};
		A440A1901937F33900D7CC0D /* ReachOut */ = {
			isa = PBXGroup;
			children = (
				A440A1991937F33900D7CC0D /* FAWAppDelegate.h */,
				A440A19A1937F33900D7CC0D /* FAWAppDelegate.m */,
				A440A19C1937F33900D7CC0D /* Images.xcassets */,
				A440A1911937F33900D7CC0D /* Supporting Files */,
			);
			path = ReachOut;
			sourceTree = "<group>";
		};
		A440A1911937F33900D7CC0D /* Supporting Files */ = {
			isa = PBXGroup;
			children = (
				A440A1921937F33900D7CC0D /* ReachOut-Info.plist */,
				A440A1931937F33900D7CC0D /* InfoPlist.strings */,
				A440A1961937F33900D7CC0D /* main.m */,
				A440A1981937F33900D7CC0D /* ReachOut-Prefix.pch */,
			);
			name = "Supporting Files";
			sourceTree = "<group>";
		};
		A440A1A91937F33900D7CC0D /* ReachOutTests */ = {
			isa = PBXGroup;
			children = (
				A440A1AF1937F33900D7CC0D /* ReachOutTests.m */,
				A440A1AA1937F33900D7CC0D /* Supporting Files */,
			);
			path = ReachOutTests;
			sourceTree = "<group>";
		};
		A440A1AA1937F33900D7CC0D /* Supporting Files */ = {
			isa = PBXGroup;
			children = (
				A440A1AB1937F33900D7CC0D /* ReachOutTests-Info.plist */,
				A440A1AC1937F33900D7CC0D /* InfoPlist.strings */,
			);
			name = "Supporting Files";
			sourceTree = "<group>";
		};
/* End PBXGroup section */

/* Begin PBXNativeTarget section */
		A440A1861937F33900D7CC0D /* ReachOut */ = {
			isa = PBXNativeTarget;
			buildConfigurationList = A440A1B31937F33900D7CC0D /* Build configuration list for PBXNativeTarget "ReachOut" */;
			buildPhases = (
				A440A1831937F33900D7CC0D /* Sources */,
				A440A1841937F33900D7CC0D /* Frameworks */,
				A440A1851937F33900D7CC0D /* Resources */,
			);
			buildRules = (
			);
			dependencies = (
			);
			name = ReachOut;
			productName = ReachOut;
			productReference = A440A1871937F33900D7CC0D /* ReachOut.app */;
			productType = "com.apple.product-type.application";
		};
		A440A1A11937F33900D7CC0D /* ReachOutTests */ = {
			isa = PBXNativeTarget;
			buildConfigurationList = A440A1B61937F33900D7CC0D /* Build configuration list for PBXNativeTarget "ReachOutTests" */;
			buildPhases = (
				A440A19E1937F33900D7CC0D /* Sources */,
				A440A19F1937F33900D7CC0D /* Frameworks */,
				A440A1A01937F33900D7CC0D /* Resources */,
			);
			buildRules = (
			);
			dependencies = (
				A440A1A81937F33900D7CC0D /* PBXTargetDependency */,
			);
			name = ReachOutTests;
			productName = ReachOutTests;
			productReference = A440A1A21937F33900D7CC0D /* ReachOutTests.xctest */;
			productType = "com.apple.product-type.bundle.unit-test";
		};
/* End PBXNativeTarget section */

/* Begin PBXProject section */
		A440A17F1937F33900D7CC0D /* Project object */ = {
			isa = PBXProject;
			attributes = {
				CLASSPREFIX = FAW;
				LastUpgradeCheck = 0510;
				ORGANIZATIONNAME = "Far and Wide";
				TargetAttributes = {
					A440A1A11937F33900D7CC0D = {
						TestTargetID = A440A1861937F33900D7CC0D;
					};
				};
			};
			buildConfigurationList = A440A1821937F33900D7CC0D /* Build configuration list for PBXProject "ReachOut" */;
			compatibilityVersion = "Xcode 3.2";
			developmentRegion = English;
			hasScannedForEncodings = 0;
			knownRegions = (
				en,
			);
			mainGroup = A440A17E1937F33900D7CC0D;
			productRefGroup = A440A1881937F33900D7CC0D /* Products */;
			projectDirPath = "";
			projectRoot = "";
			targets = (
				A440A1861937F33900D7CC0D /* ReachOut */,
				A440A1A11937F33900D7CC0D /* ReachOutTests */,
			);
		};
/* End PBXProject section */

/* Begin PBXResourcesBuildPhase section */
		A440A1851937F33900D7CC0D /* Resources */ = {
			isa = PBXResourcesBuildPhase;
			buildActionMask = 2147483647;
			files = (
				A440A1951937F33900D7CC0D /* InfoPlist.strings in Resources */,
				A440A19D1937F33900D7CC0D /* Images.xcassets in Resources */,
			);
			runOnlyForDeploymentPostprocessing = 0;
		};
		A440A1A01937F33900D7CC0D /* Resources */ = {
			isa = PBXResourcesBuildPhase;
			buildActionMask = 2147483647;
			files = (
				A440A1AE1937F33900D7CC0D /* InfoPlist.strings in Resources */,
			);
			runOnlyForDeploymentPostprocessing = 0;
		};
/* End PBXResourcesBuildPhase section */

/* Begin PBXSourcesBuildPhase section */
		A440A1831937F33900D7CC0D /* Sources */ = {
			isa = PBXSourcesBuildPhase;
			buildActionMask = 2147483647;
			files = (
				A440A1971937F33900D7CC0D /* main.m in Sources */,
				A440A19B1937F33900D7CC0D /* FAWAppDelegate.m in Sources */,
			);
			runOnlyForDeploymentPostprocessing = 0;
		};
		A440A19E1937F33900D7CC0D /* Sources */ = {
			isa = PBXSourcesBuildPhase;
			buildActionMask = 2147483647;
			files = (
				A440A1B01937F33900D7CC0D /* ReachOutTests.m in Sources */,
			);
			runOnlyForDeploymentPostprocessing = 0;
		};
/* End PBXSourcesBuildPhase section */

/* Begin PBXTargetDependency section */
		A440A1A81937F33900D7CC0D /* PBXTargetDependency */ = {
			isa = PBXTargetDependency;
			target = A440A1861937F33900D7CC0D /* ReachOut */;
			targetProxy = A440A1A71937F33900D7CC0D /* PBXContainerItemProxy */;
		};
/* End PBXTargetDependency section */

/* Begin PBXVariantGroup section */
		A440A1931937F33900D7CC0D /* InfoPlist.strings */ = {
			isa = PBXVariantGroup;
			children = (
				A440A1941937F33900D7CC0D /* en */,
			);
			name = InfoPlist.strings;
			sourceTree = "<group>";
		};
		A440A1AC1937F33900D7CC0D /* InfoPlist.strings */ = {
			isa = PBXVariantGroup;
			children = (
				A440A1AD1937F33900D7CC0D /* en */,
			);
			name = InfoPlist.strings;
			sourceTree = "<group>";
		};
/* End PBXVariantGroup section */

/* Begin XCBuildConfiguration section */
		A440A1B11937F33900D7CC0D /* Debug */ = {
			isa = XCBuildConfiguration;
			buildSettings = {
				ALWAYS_SEARCH_USER_PATHS = NO;
				CLANG_CXX_LANGUAGE_STANDARD = "gnu++0x";
				CLANG_CXX_LIBRARY = "libc++";
				CLANG_ENABLE_MODULES = YES;
				CLANG_ENABLE_OBJC_ARC = YES;
				CLANG_WARN_BOOL_CONVERSION = YES;
				CLANG_WARN_CONSTANT_CONVERSION = YES;
				CLANG_WARN_DIRECT_OBJC_ISA_USAGE = YES_ERROR;
				CLANG_WARN_EMPTY_BODY = YES;
				CLANG_WARN_ENUM_CONVERSION = YES;
				CLANG_WARN_INT_CONVERSION = YES;
				CLANG_WARN_OBJC_ROOT_CLASS = YES_ERROR;
				CLANG_WARN__DUPLICATE_METHOD_MATCH = YES;
				"CODE_SIGN_IDENTITY[sdk=iphoneos*]" = "iPhone Developer";
				COPY_PHASE_STRIP = NO;
				GCC_C_LANGUAGE_STANDARD = gnu99;
				GCC_DYNAMIC_NO_PIC = NO;
				GCC_OPTIMIZATION_LEVEL = 0;
				GCC_PREPROCESSOR_DEFINITIONS = (
					"DEBUG=1",
					"$(inherited)",
				);
				GCC_SYMBOLS_PRIVATE_EXTERN = NO;
				GCC_WARN_64_TO_32_BIT_CONVERSION = YES;
				GCC_WARN_ABOUT_RETURN_TYPE = YES_ERROR;
				GCC_WARN_UNDECLARED_SELECTOR = YES;
				GCC_WARN_UNINITIALIZED_AUTOS = YES_AGGRESSIVE;
				GCC_WARN_UNUSED_FUNCTION = YES;
				GCC_WARN_UNUSED_VARIABLE = YES;
				IPHONEOS_DEPLOYMENT_TARGET = 7.1;
				ONLY_ACTIVE_ARCH = YES;
				SDKROOT = iphoneos;
			};
			name = Debug;
		};
		A440A1B21937F33900D7CC0D /* Release */ = {
			isa = XCBuildConfiguration;
			buildSettings = {
				ALWAYS_SEARCH_USER_PATHS = NO;
				CLANG_CXX_LANGUAGE_STANDARD = "gnu++0x";
				CLANG_CXX_LIBRARY = "libc++";
				CLANG_ENABLE_MODULES = YES;
				CLANG_ENABLE_OBJC_ARC = YES;
				CLANG_WARN_BOOL_CONVERSION = YES;
				CLANG_WARN_CONSTANT_CONVERSION = YES;
				CLANG_WARN_DIRECT_OBJC_ISA_USAGE = YES_ERROR;
				CLANG_WARN_EMPTY_BODY = YES;
				CLANG_WARN_ENUM_CONVERSION = YES;
				CLANG_WARN_INT_CONVERSION = YES;
				CLANG_WARN_OBJC_ROOT_CLASS = YES_ERROR;
				CLANG_WARN__DUPLICATE_METHOD_MATCH = YES;
				"CODE_SIGN_IDENTITY[sdk=iphoneos*]" = "iPhone Developer";
				COPY_PHASE_STRIP = YES;
				ENABLE_NS_ASSERTIONS = NO;
				GCC_C_LANGUAGE_STANDARD = gnu99;
				GCC_WARN_64_TO_32_BIT_CONVERSION = YES;
				GCC_WARN_ABOUT_RETURN_TYPE = YES_ERROR;
				GCC_WARN_UNDECLARED_SELECTOR = YES;
				GCC_WARN_UNINITIALIZED_AUTOS = YES_AGGRESSIVE;
				GCC_WARN_UNUSED_FUNCTION = YES;
				GCC_WARN_UNUSED_VARIABLE = YES;
				IPHONEOS_DEPLOYMENT_TARGET = 7.1;
				SDKROOT = iphoneos;
				VALIDATE_PRODUCT = YES;
			};
			name = Release;
		};
		A440A1B41937F33900D7CC0D /* Debug */ = {
			isa = XCBuildConfiguration;
			buildSettings = {
				ASSETCATALOG_COMPILER_APPICON_NAME = AppIcon;
				ASSETCATALOG_COMPILER_LAUNCHIMAGE_NAME = LaunchImage;
				GCC_PRECOMPILE_PREFIX_HEADER = YES;
				GCC_PREFIX_HEADER = "ReachOut/ReachOut-Prefix.pch";
				INFOPLIST_FILE = "ReachOut/ReachOut-Info.plist";
				PRODUCT_NAME = "$(TARGET_NAME)";
				WRAPPER_EXTENSION = app;
			};
			name = Debug;
		};
		A440A1B51937F33900D7CC0D /* Release */ = {
			isa = XCBuildConfiguration;
			buildSettings = {
				ASSETCATALOG_COMPILER_APPICON_NAME = AppIcon;
				ASSETCATALOG_COMPILER_LAUNCHIMAGE_NAME = LaunchImage;
				GCC_PRECOMPILE_PREFIX_HEADER = YES;
				GCC_PREFIX_HEADER = "ReachOut/ReachOut-Prefix.pch";
				INFOPLIST_FILE = "ReachOut/ReachOut-Info.plist";
				PRODUCT_NAME = "$(TARGET_NAME)";
				WRAPPER_EXTENSION = app;
			};
			name = Release;
		};
		A440A1B71937F33900D7CC0D /* Debug */ = {
			isa = XCBuildConfiguration;
			buildSettings = {
				BUNDLE_LOADER = "$(BUILT_PRODUCTS_DIR)/ReachOut.app/ReachOut";
				FRAMEWORK_SEARCH_PATHS = (
					"$(SDKROOT)/Developer/Library/Frameworks",
					"$(inherited)",
					"$(DEVELOPER_FRAMEWORKS_DIR)",
				);
				GCC_PRECOMPILE_PREFIX_HEADER = YES;
				GCC_PREFIX_HEADER = "ReachOut/ReachOut-Prefix.pch";
				GCC_PREPROCESSOR_DEFINITIONS = (
					"DEBUG=1",
					"$(inherited)",
				);
				INFOPLIST_FILE = "ReachOutTests/ReachOutTests-Info.plist";
				PRODUCT_NAME = "$(TARGET_NAME)";
				TEST_HOST = "$(BUNDLE_LOADER)";
				WRAPPER_EXTENSION = xctest;
			};
			name = Debug;
		};
		A440A1B81937F33900D7CC0D /* Release */ = {
			isa = XCBuildConfiguration;
			buildSettings = {
				BUNDLE_LOADER = "$(BUILT_PRODUCTS_DIR)/ReachOut.app/ReachOut";
				FRAMEWORK_SEARCH_PATHS = (
					"$(SDKROOT)/Developer/Library/Frameworks",
					"$(inherited)",
					"$(DEVELOPER_FRAMEWORKS_DIR)",
				);
				GCC_PRECOMPILE_PREFIX_HEADER = YES;
				GCC_PREFIX_HEADER = "ReachOut/ReachOut-Prefix.pch";
				INFOPLIST_FILE = "ReachOutTests/ReachOutTests-Info.plist";
				PRODUCT_NAME = "$(TARGET_NAME)";
				TEST_HOST = "$(BUNDLE_LOADER)";
				WRAPPER_EXTENSION = xctest;
			};
			name = Release;
		};
/* End XCBuildConfiguration section */

/* Begin XCConfigurationList section */
		A440A1821937F33900D7CC0D /* Build configuration list for PBXProject "ReachOut" */ = {
			isa = XCConfigurationList;
			buildConfigurations = (
				A440A1B11937F33900D7CC0D /* Debug */,
				A440A1B21937F33900D7CC0D /* Release */,
			);
			defaultConfigurationIsVisible = 0;
			defaultConfigurationName = Release;
		};
		A440A1B31937F33900D7CC0D /* Build configuration list for PBXNativeTarget "ReachOut" */ = {
			isa = XCConfigurationList;
			buildConfigurations = (
				A440A1B41937F33900D7CC0D /* Debug */,
				A440A1B51937F33900D7CC0D /* Release */,
			);
			defaultConfigurationIsVisible = 0;
		};
		A440A1B61937F33900D7CC0D /* Build configuration list for PBXNativeTarget "ReachOutTests" */ = {
			isa = XCConfigurationList;
			buildConfigurations = (
				A440A1B71937F33900D7CC0D /* Debug */,
				A440A1B81937F33900D7CC0D /* Release */,
			);
			defaultConfigurationIsVisible = 0;
		};
/* End XCConfigurationList section */
	};
	rootObject = A440A17F1937F33900D7CC0D /* Project object */;
}
